
Microsoft Visual Studio Solution File, Format Version 12.00
# Visual Studio Version 17
VisualStudioVersion = 17.6.33626.354
MinimumVisualStudioVersion = 10.0.40219.1
Project("{9A19103F-16F7-4668-BE54-9A1E7A4F7556}") = "ToSPKG", "ToSPKG\ToSPKG.csproj", "{0195DB5E-E67B-4FEE-8C8F-1C78B5DAD3CF}"
EndProject
Project("{9A19103F-16F7-4668-BE54-9A1E7A4F7556}") = "Microsoft.Deployment.Compression", "Microsoft.Deployment.Compression\Microsoft.Deployment.Compression.csproj", "{912207B0-FD2A-4ADB-9633-6AF13F48B70F}"
EndProject
Project("{9A19103F-16F7-4668-BE54-9A1E7A4F7556}") = "Microsoft.Deployment.Compression.Cab", "Microsoft.Deployment.Compression.Cab\Microsoft.Deployment.Compression.Cab.csproj", "{4EFCC0B9-9E93-4774-8C76-A3DEF5E6A3DD}"
EndProject
Project("{9A19103F-16F7-4668-BE54-9A1E7A4F7556}") = "Img2Ffu", "Img2Ffu\Img2Ffu.csproj", "{86D90928-9B03-4332-8E8A-C23F12B121A6}"
EndProject
Project("{2150E333-8FDC-42A3-9474-1A3956D46DE8}") = "Libraries", "Libraries", "{C7C2B1E3-0849-4C6E-B8C5-3331025AF319}"
EndProject
Project("{9A19103F-16F7-4668-BE54-9A1E7A4F7556}") = "Archives.DiscUtils", "Archives.DiscUtils\Archives.DiscUtils.csproj", "{5D9E8A0A-D85E-4E41-9DD8-8A2C08515267}"
EndProject
Project("{9A19103F-16F7-4668-BE54-9A1E7A4F7556}") = "ToSPKGFfu", "ToSPKGFfu\ToSPKGFfu.csproj", "{C0CC0861-789A-47E3-BF6C-BCA9E6EC8D94}"
EndProject
Global
	GlobalSection(SolutionConfigurationPlatforms) = preSolution
		Debug|Any CPU = Debug|Any CPU
		Debug|ARM32 = Debug|ARM32
		Debug|ARM64 = Debug|ARM64
		Debug|x64 = Debug|x64
		Debug|x68 = Debug|x68
		Debug|x86 = Debug|x86
		Release|Any CPU = Release|Any CPU
		Release|ARM32 = Release|ARM32
		Release|ARM64 = Release|ARM64
		Release|x64 = Release|x64
		Release|x68 = Release|x68
		Release|x86 = Release|x86
	EndGlobalSection
	GlobalSection(ProjectConfigurationPlatforms) = postSolution
		{0195DB5E-E67B-4FEE-8C8F-1C78B5DAD3CF}.Debug|Any CPU.ActiveCfg = Debug|Any CPU
		{0195DB5E-E67B-4FEE-8C8F-1C78B5DAD3CF}.Debug|Any CPU.Build.0 = Debug|Any CPU
		{0195DB5E-E67B-4FEE-8C8F-1C78B5DAD3CF}.Debug|ARM32.ActiveCfg = Debug|Any CPU
		{0195DB5E-E67B-4FEE-8C8F-1C78B5DAD3CF}.Debug|ARM32.Build.0 = Debug|Any CPU
		{0195DB5E-E67B-4FEE-8C8F-1C78B5DAD3CF}.Debug|ARM64.ActiveCfg = Debug|Any CPU
		{0195DB5E-E67B-4FEE-8C8F-1C78B5DAD3CF}.Debug|ARM64.Build.0 = Debug|Any CPU
		{0195DB5E-E67B-4FEE-8C8F-1C78B5DAD3CF}.Debug|x64.ActiveCfg = Debug|Any CPU
		{0195DB5E-E67B-4FEE-8C8F-1C78B5DAD3CF}.Debug|x64.Build.0 = Debug|Any CPU
		{0195DB5E-E67B-4FEE-8C8F-1C78B5DAD3CF}.Debug|x68.ActiveCfg = Debug|Any CPU
		{0195DB5E-E67B-4FEE-8C8F-1C78B5DAD3CF}.Debug|x68.Build.0 = Debug|Any CPU
		{0195DB5E-E67B-4FEE-8C8F-1C78B5DAD3CF}.Debug|x86.ActiveCfg = Debug|Any CPU
		{0195DB5E-E67B-4FEE-8C8F-1C78B5DAD3CF}.Debug|x86.Build.0 = Debug|Any CPU
		{0195DB5E-E67B-4FEE-8C8F-1C78B5DAD3CF}.Release|Any CPU.ActiveCfg = Release|Any CPU
		{0195DB5E-E67B-4FEE-8C8F-1C78B5DAD3CF}.Release|Any CPU.Build.0 = Release|Any CPU
		{0195DB5E-E67B-4FEE-8C8F-1C78B5DAD3CF}.Release|ARM32.ActiveCfg = Release|Any CPU
		{0195DB5E-E67B-4FEE-8C8F-1C78B5DAD3CF}.Release|ARM32.Build.0 = Release|Any CPU
		{0195DB5E-E67B-4FEE-8C8F-1C78B5DAD3CF}.Release|ARM64.ActiveCfg = Release|Any CPU
		{0195DB5E-E67B-4FEE-8C8F-1C78B5DAD3CF}.Release|ARM64.Build.0 = Release|Any CPU
		{0195DB5E-E67B-4FEE-8C8F-1C78B5DAD3CF}.Release|x64.ActiveCfg = Release|Any CPU
		{0195DB5E-E67B-4FEE-8C8F-1C78B5DAD3CF}.Release|x64.Build.0 = Release|Any CPU
		{0195DB5E-E67B-4FEE-8C8F-1C78B5DAD3CF}.Release|x68.ActiveCfg = Release|Any CPU
		{0195DB5E-E67B-4FEE-8C8F-1C78B5DAD3CF}.Release|x68.Build.0 = Release|Any CPU
		{0195DB5E-E67B-4FEE-8C8F-1C78B5DAD3CF}.Release|x86.ActiveCfg = Release|Any CPU
		{0195DB5E-E67B-4FEE-8C8F-1C78B5DAD3CF}.Release|x86.Build.0 = Release|Any CPU
		{912207B0-FD2A-4ADB-9633-6AF13F48B70F}.Debug|Any CPU.ActiveCfg = Debug|Any CPU
		{912207B0-FD2A-4ADB-9633-6AF13F48B70F}.Debug|Any CPU.Build.0 = Debug|Any CPU
		{912207B0-FD2A-4ADB-9633-6AF13F48B70F}.Debug|ARM32.ActiveCfg = Debug|Any CPU
		{912207B0-FD2A-4ADB-9633-6AF13F48B70F}.Debug|ARM32.Build.0 = Debug|Any CPU
		{912207B0-FD2A-4ADB-9633-6AF13F48B70F}.Debug|ARM64.ActiveCfg = Debug|Any CPU
		{912207B0-FD2A-4ADB-9633-6AF13F48B70F}.Debug|ARM64.Build.0 = Debug|Any CPU
		{912207B0-FD2A-4ADB-9633-6AF13F48B70F}.Debug|x64.ActiveCfg = Debug|Any CPU
		{912207B0-FD2A-4ADB-9633-6AF13F48B70F}.Debug|x64.Build.0 = Debug|Any CPU
		{912207B0-FD2A-4ADB-9633-6AF13F48B70F}.Debug|x68.ActiveCfg = Debug|Any CPU
		{912207B0-FD2A-4ADB-9633-6AF13F48B70F}.Debug|x68.Build.0 = Debug|Any CPU
		{912207B0-FD2A-4ADB-9633-6AF13F48B70F}.Debug|x86.ActiveCfg = Debug|Any CPU
		{912207B0-FD2A-4ADB-9633-6AF13F48B70F}.Debug|x86.Build.0 = Debug|Any CPU
		{912207B0-FD2A-4ADB-9633-6AF13F48B70F}.Release|Any CPU.ActiveCfg = Release|Any CPU
		{912207B0-FD2A-4ADB-9633-6AF13F48B70F}.Release|Any CPU.Build.0 = Release|Any CPU
		{912207B0-FD2A-4ADB-9633-6AF13F48B70F}.Release|ARM32.ActiveCfg = Release|Any CPU
		{912207B0-FD2A-4ADB-9633-6AF13F48B70F}.Release|ARM32.Build.0 = Release|Any CPU
		{912207B0-FD2A-4ADB-9633-6AF13F48B70F}.Release|ARM64.ActiveCfg = Release|Any CPU
		{912207B0-FD2A-4ADB-9633-6AF13F48B70F}.Release|ARM64.Build.0 = Release|Any CPU
		{912207B0-FD2A-4ADB-9633-6AF13F48B70F}.Release|x64.ActiveCfg = Release|Any CPU
		{912207B0-FD2A-4ADB-9633-6AF13F48B70F}.Release|x64.Build.0 = Release|Any CPU
		{912207B0-FD2A-4ADB-9633-6AF13F48B70F}.Release|x68.ActiveCfg = Release|Any CPU
		{912207B0-FD2A-4ADB-9633-6AF13F48B70F}.Release|x68.Build.0 = Release|Any CPU
		{912207B0-FD2A-4ADB-9633-6AF13F48B70F}.Release|x86.ActiveCfg = Release|Any CPU
		{912207B0-FD2A-4ADB-9633-6AF13F48B70F}.Release|x86.Build.0 = Release|Any CPU
		{4EFCC0B9-9E93-4774-8C76-A3DEF5E6A3DD}.Debug|Any CPU.ActiveCfg = Debug|Any CPU
		{4EFCC0B9-9E93-4774-8C76-A3DEF5E6A3DD}.Debug|Any CPU.Build.0 = Debug|Any CPU
		{4EFCC0B9-9E93-4774-8C76-A3DEF5E6A3DD}.Debug|ARM32.ActiveCfg = Debug|Any CPU
		{4EFCC0B9-9E93-4774-8C76-A3DEF5E6A3DD}.Debug|ARM32.Build.0 = Debug|Any CPU
		{4EFCC0B9-9E93-4774-8C76-A3DEF5E6A3DD}.Debug|ARM64.ActiveCfg = Debug|Any CPU
		{4EFCC0B9-9E93-4774-8C76-A3DEF5E6A3DD}.Debug|ARM64.Build.0 = Debug|Any CPU
		{4EFCC0B9-9E93-4774-8C76-A3DEF5E6A3DD}.Debug|x64.ActiveCfg = Debug|Any CPU
		{4EFCC0B9-9E93-4774-8C76-A3DEF5E6A3DD}.Debug|x64.Build.0 = Debug|Any CPU
		{4EFCC0B9-9E93-4774-8C76-A3DEF5E6A3DD}.Debug|x68.ActiveCfg = Debug|Any CPU
		{4EFCC0B9-9E93-4774-8C76-A3DEF5E6A3DD}.Debug|x68.Build.0 = Debug|Any CPU
		{4EFCC0B9-9E93-4774-8C76-A3DEF5E6A3DD}.Debug|x86.ActiveCfg = Debug|Any CPU
		{4EFCC0B9-9E93-4774-8C76-A3DEF5E6A3DD}.Debug|x86.Build.0 = Debug|Any CPU
		{4EFCC0B9-9E93-4774-8C76-A3DEF5E6A3DD}.Release|Any CPU.ActiveCfg = Release|Any CPU
		{4EFCC0B9-9E93-4774-8C76-A3DEF5E6A3DD}.Release|Any CPU.Build.0 = Release|Any CPU
		{4EFCC0B9-9E93-4774-8C76-A3DEF5E6A3DD}.Release|ARM32.ActiveCfg = Release|Any CPU
		{4EFCC0B9-9E93-4774-8C76-A3DEF5E6A3DD}.Release|ARM32.Build.0 = Release|Any CPU
		{4EFCC0B9-9E93-4774-8C76-A3DEF5E6A3DD}.Release|ARM64.ActiveCfg = Release|Any CPU
		{4EFCC0B9-9E93-4774-8C76-A3DEF5E6A3DD}.Release|ARM64.Build.0 = Release|Any CPU
		{4EFCC0B9-9E93-4774-8C76-A3DEF5E6A3DD}.Release|x64.ActiveCfg = Release|Any CPU
		{4EFCC0B9-9E93-4774-8C76-A3DEF5E6A3DD}.Release|x64.Build.0 = Release|Any CPU
		{4EFCC0B9-9E93-4774-8C76-A3DEF5E6A3DD}.Release|x68.ActiveCfg = Release|Any CPU
		{4EFCC0B9-9E93-4774-8C76-A3DEF5E6A3DD}.Release|x68.Build.0 = Release|Any CPU
		{4EFCC0B9-9E93-4774-8C76-A3DEF5E6A3DD}.Release|x86.ActiveCfg = Release|Any CPU
		{4EFCC0B9-9E93-4774-8C76-A3DEF5E6A3DD}.Release|x86.Build.0 = Release|Any CPU
		{86D90928-9B03-4332-8E8A-C23F12B121A6}.Debug|Any CPU.ActiveCfg = Debug|x64
		{86D90928-9B03-4332-8E8A-C23F12B121A6}.Debug|Any CPU.Build.0 = Debug|x64
		{86D90928-9B03-4332-8E8A-C23F12B121A6}.Debug|ARM32.ActiveCfg = Debug|ARM32
		{86D90928-9B03-4332-8E8A-C23F12B121A6}.Debug|ARM32.Build.0 = Debug|ARM32
		{86D90928-9B03-4332-8E8A-C23F12B121A6}.Debug|ARM64.ActiveCfg = Debug|ARM64
		{86D90928-9B03-4332-8E8A-C23F12B121A6}.Debug|ARM64.Build.0 = Debug|ARM64
		{86D90928-9B03-4332-8E8A-C23F12B121A6}.Debug|x64.ActiveCfg = Debug|x64
		{86D90928-9B03-4332-8E8A-C23F12B121A6}.Debug|x64.Build.0 = Debug|x64
		{86D90928-9B03-4332-8E8A-C23F12B121A6}.Debug|x68.ActiveCfg = Debug|x64
		{86D90928-9B03-4332-8E8A-C23F12B121A6}.Debug|x68.Build.0 = Debug|x64
		{86D90928-9B03-4332-8E8A-C23F12B121A6}.Debug|x86.ActiveCfg = Debug|x86
		{86D90928-9B03-4332-8E8A-C23F12B121A6}.Debug|x86.Build.0 = Debug|x86
		{86D90928-9B03-4332-8E8A-C23F12B121A6}.Release|Any CPU.ActiveCfg = Release|x64
		{86D90928-9B03-4332-8E8A-C23F12B121A6}.Release|Any CPU.Build.0 = Release|x64
		{86D90928-9B03-4332-8E8A-C23F12B121A6}.Release|ARM32.ActiveCfg = Release|ARM32
		{86D90928-9B03-4332-8E8A-C23F12B121A6}.Release|ARM32.Build.0 = Release|ARM32
		{86D90928-9B03-4332-8E8A-C23F12B121A6}.Release|ARM64.ActiveCfg = Release|ARM64
		{86D90928-9B03-4332-8E8A-C23F12B121A6}.Release|ARM64.Build.0 = Release|ARM64
		{86D90928-9B03-4332-8E8A-C23F12B121A6}.Release|x64.ActiveCfg = Release|x64
		{86D90928-9B03-4332-8E8A-C23F12B121A6}.Release|x64.Build.0 = Release|x64
		{86D90928-9B03-4332-8E8A-C23F12B121A6}.Release|x68.ActiveCfg = Release|x64
		{86D90928-9B03-4332-8E8A-C23F12B121A6}.Release|x68.Build.0 = Release|x64
		{86D90928-9B03-4332-8E8A-C23F12B121A6}.Release|x86.ActiveCfg = Release|x86
		{86D90928-9B03-4332-8E8A-C23F12B121A6}.Release|x86.Build.0 = Release|x86
		{5D9E8A0A-D85E-4E41-9DD8-8A2C08515267}.Debug|Any CPU.ActiveCfg = Debug|x64
		{5D9E8A0A-D85E-4E41-9DD8-8A2C08515267}.Debug|Any CPU.Build.0 = Debug|x64
		{5D9E8A0A-D85E-4E41-9DD8-8A2C08515267}.Debug|ARM32.ActiveCfg = Debug|ARM32
		{5D9E8A0A-D85E-4E41-9DD8-8A2C08515267}.Debug|ARM32.Build.0 = Debug|ARM32
		{5D9E8A0A-D85E-4E41-9DD8-8A2C08515267}.Debug|ARM64.ActiveCfg = Debug|ARM64
		{5D9E8A0A-D85E-4E41-9DD8-8A2C08515267}.Debug|ARM64.Build.0 = Debug|ARM64
		{5D9E8A0A-D85E-4E41-9DD8-8A2C08515267}.Debug|x64.ActiveCfg = Debug|x64
		{5D9E8A0A-D85E-4E41-9DD8-8A2C08515267}.Debug|x64.Build.0 = Debug|x64
		{5D9E8A0A-D85E-4E41-9DD8-8A2C08515267}.Debug|x68.ActiveCfg = Debug|x68
		{5D9E8A0A-D85E-4E41-9DD8-8A2C08515267}.Debug|x68.Build.0 = Debug|x68
		{5D9E8A0A-D85E-4E41-9DD8-8A2C08515267}.Debug|x86.ActiveCfg = Debug|x64
		{5D9E8A0A-D85E-4E41-9DD8-8A2C08515267}.Debug|x86.Build.0 = Debug|x64
		{5D9E8A0A-D85E-4E41-9DD8-8A2C08515267}.Release|Any CPU.ActiveCfg = Release|x64
		{5D9E8A0A-D85E-4E41-9DD8-8A2C08515267}.Release|Any CPU.Build.0 = Release|x64
		{5D9E8A0A-D85E-4E41-9DD8-8A2C08515267}.Release|ARM32.ActiveCfg = Release|ARM32
		{5D9E8A0A-D85E-4E41-9DD8-8A2C08515267}.Release|ARM32.Build.0 = Release|ARM32
		{5D9E8A0A-D85E-4E41-9DD8-8A2C08515267}.Release|ARM64.ActiveCfg = Release|ARM64
		{5D9E8A0A-D85E-4E41-9DD8-8A2C08515267}.Release|ARM64.Build.0 = Release|ARM64
		{5D9E8A0A-D85E-4E41-9DD8-8A2C08515267}.Release|x64.ActiveCfg = Release|x64
		{5D9E8A0A-D85E-4E41-9DD8-8A2C08515267}.Release|x64.Build.0 = Release|x64
		{5D9E8A0A-D85E-4E41-9DD8-8A2C08515267}.Release|x68.ActiveCfg = Release|x68
		{5D9E8A0A-D85E-4E41-9DD8-8A2C08515267}.Release|x68.Build.0 = Release|x68
		{5D9E8A0A-D85E-4E41-9DD8-8A2C08515267}.Release|x86.ActiveCfg = Release|x64
		{5D9E8A0A-D85E-4E41-9DD8-8A2C08515267}.Release|x86.Build.0 = Release|x64
		{C0CC0861-789A-47E3-BF6C-BCA9E6EC8D94}.Debug|Any CPU.ActiveCfg = Debug|Any CPU
		{C0CC0861-789A-47E3-BF6C-BCA9E6EC8D94}.Debug|Any CPU.Build.0 = Debug|Any CPU
		{C0CC0861-789A-47E3-BF6C-BCA9E6EC8D94}.Debug|ARM32.ActiveCfg = Debug|Any CPU
		{C0CC0861-789A-47E3-BF6C-BCA9E6EC8D94}.Debug|ARM32.Build.0 = Debug|Any CPU
		{C0CC0861-789A-47E3-BF6C-BCA9E6EC8D94}.Debug|ARM64.ActiveCfg = Debug|Any CPU
		{C0CC0861-789A-47E3-BF6C-BCA9E6EC8D94}.Debug|ARM64.Build.0 = Debug|Any CPU
		{C0CC0861-789A-47E3-BF6C-BCA9E6EC8D94}.Debug|x64.ActiveCfg = Debug|Any CPU
		{C0CC0861-789A-47E3-BF6C-BCA9E6EC8D94}.Debug|x64.Build.0 = Debug|Any CPU
		{C0CC0861-789A-47E3-BF6C-BCA9E6EC8D94}.Debug|x68.ActiveCfg = Debug|Any CPU
		{C0CC0861-789A-47E3-BF6C-BCA9E6EC8D94}.Debug|x68.Build.0 = Debug|Any CPU
		{C0CC0861-789A-47E3-BF6C-BCA9E6EC8D94}.Debug|x86.ActiveCfg = Debug|Any CPU
		{C0CC0861-789A-47E3-BF6C-BCA9E6EC8D94}.Debug|x86.Build.0 = Debug|Any CPU
		{C0CC0861-789A-47E3-BF6C-BCA9E6EC8D94}.Release|Any CPU.ActiveCfg = Release|Any CPU
		{C0CC0861-789A-47E3-BF6C-BCA9E6EC8D94}.Release|Any CPU.Build.0 = Release|Any CPU
		{C0CC0861-789A-47E3-BF6C-BCA9E6EC8D94}.Release|ARM32.ActiveCfg = Release|Any CPU
		{C0CC0861-789A-47E3-BF6C-BCA9E6EC8D94}.Release|ARM32.Build.0 = Release|Any CPU
		{C0CC0861-789A-47E3-BF6C-BCA9E6EC8D94}.Release|ARM64.ActiveCfg = Release|Any CPU
		{C0CC0861-789A-47E3-BF6C-BCA9E6EC8D94}.Release|ARM64.Build.0 = Release|Any CPU
		{C0CC0861-789A-47E3-BF6C-BCA9E6EC8D94}.Release|x64.ActiveCfg = Release|Any CPU
		{C0CC0861-789A-47E3-BF6C-BCA9E6EC8D94}.Release|x64.Build.0 = Release|Any CPU
		{C0CC0861-789A-47E3-BF6C-BCA9E6EC8D94}.Release|x68.ActiveCfg = Release|Any CPU
		{C0CC0861-789A-47E3-BF6C-BCA9E6EC8D94}.Release|x68.Build.0 = Release|Any CPU
		{C0CC0861-789A-47E3-BF6C-BCA9E6EC8D94}.Release|x86.ActiveCfg = Release|Any CPU
		{C0CC0861-789A-47E3-BF6C-BCA9E6EC8D94}.Release|x86.Build.0 = Release|Any CPU
	EndGlobalSection
	GlobalSection(SolutionProperties) = preSolution
		HideSolutionNode = FALSE
	EndGlobalSection
	GlobalSection(NestedProjects) = preSolution
		{912207B0-FD2A-4ADB-9633-6AF13F48B70F} = {C7C2B1E3-0849-4C6E-B8C5-3331025AF319}
		{4EFCC0B9-9E93-4774-8C76-A3DEF5E6A3DD} = {C7C2B1E3-0849-4C6E-B8C5-3331025AF319}
		{86D90928-9B03-4332-8E8A-C23F12B121A6} = {C7C2B1E3-0849-4C6E-B8C5-3331025AF319}
		{5D9E8A0A-D85E-4E41-9DD8-8A2C08515267} = {C7C2B1E3-0849-4C6E-B8C5-3331025AF319}
	EndGlobalSection
	GlobalSection(ExtensibilityGlobals) = postSolution
		SolutionGuid = {0645CA94-4715-4CE3-AB18-258CED23724F}
	EndGlobalSection
EndGlobal
