
Microsoft Visual Studio Solution File, Format Version 12.00
# Visual Studio Version 17
VisualStudioVersion = 17.6.33626.354
MinimumVisualStudioVersion = 10.0.40219.1
Project("{9A19103F-16F7-4668-BE54-9A1E7A4F7556}") = "CbsToReg", "src\Applications\CbsToReg\CbsToReg.csproj", "{8C0A8B8C-F58A-4F08-88CA-47521AE6CA21}"
EndProject
Project("{2150E333-8FDC-42A3-9474-1A3956D46DE8}") = "Libraries", "Libraries", "{79E4A3B7-A504-488B-B5C7-8FDC8DA8816C}"
EndProject
Project("{9A19103F-16F7-4668-BE54-9A1E7A4F7556}") = "Microsoft.Deployment.Compression", "src\Microsoft.Deployment.Compression\Microsoft.Deployment.Compression.csproj", "{912207B0-FD2A-4ADB-9633-6AF13F48B70F}"
EndProject
Project("{9A19103F-16F7-4668-BE54-9A1E7A4F7556}") = "Microsoft.Deployment.Compression.Cab", "src\Microsoft.Deployment.Compression.Cab\Microsoft.Deployment.Compression.Cab.csproj", "{4EFCC0B9-9E93-4774-8C76-A3DEF5E6A3DD}"
EndProject
Project("{9A19103F-16F7-4668-BE54-9A1E7A4F7556}") = "Archives.DiscUtils", "src\Archives.DiscUtils\Archives.DiscUtils.csproj", "{C080E837-DF6E-4770-9F90-26809919D8F2}"
EndProject
Project("{9A19103F-16F7-4668-BE54-9A1E7A4F7556}") = "Img2Ffu.Library", "thirdparty\Img2Ffu\Img2Ffu.Library\Img2Ffu.Library.csproj", "{4B0C8574-9D79-436D-A491-B75C71FC9A76}"
EndProject
Project("{9A19103F-16F7-4668-BE54-9A1E7A4F7556}") = "MobilePackageGen.Common", "src\MobilePackageGen.Common\MobilePackageGen.Common.csproj", "{1B613066-C268-45E6-B7EA-5B95C8B90492}"
EndProject
Project("{FAE04EC0-301F-11D3-BF4B-00C04F79EFBC}") = "SecWim2Wim", "src\Applications\SecWim2Wim\SecWim2Wim.csproj", "{324BF59F-C8E1-4063-A7D2-034BD1B84BEB}"
EndProject
Project("{FAE04EC0-301F-11D3-BF4B-00C04F79EFBC}") = "StorageSpace", "thirdparty\StorageSpace\StorageSpace\StorageSpace.csproj", "{9DA68AEC-A3C4-409D-B365-4E3067FD9260}"
EndProject
Project("{FAE04EC0-301F-11D3-BF4B-00C04F79EFBC}") = "LibSxS", "src\LibSxS\LibSxS.csproj", "{EF89761B-7CDB-4304-843E-5397C2BC8090}"
EndProject
Project("{FAE04EC0-301F-11D3-BF4B-00C04F79EFBC}") = "Playground", "src\Applications\Playground\Playground.csproj", "{52781D63-1048-46BF-9805-6D7B8A3C4730}"
EndProject
Project("{FAE04EC0-301F-11D3-BF4B-00C04F79EFBC}") = "Cabinet.Net", "src\Cabinet\Cabinet.Net.csproj", "{3EFC9ED8-C2B8-4499-AF0F-DE03792B5716}"
EndProject
Project("{FAE04EC0-301F-11D3-BF4B-00C04F79EFBC}") = "MobilePackageGen", "src\Applications\MobilePackageGen\MobilePackageGen.csproj", "{B31EF79C-D68D-463E-8C46-A0E2D8CD2BA0}"
EndProject
Project("{FAE04EC0-301F-11D3-BF4B-00C04F79EFBC}") = "Img2Ffu.Library.Compression.Windows", "thirdparty\Img2Ffu\Img2Ffu.Library.Compression.Windows\Img2Ffu.Library.Compression.Windows.csproj", "{213206D7-B37F-4619-8E92-56BBEFFE18FF}"
EndProject
Project("{FAE04EC0-301F-11D3-BF4B-00C04F79EFBC}") = "CabSorter", "src\Applications\CabSorter\CabSorter.csproj", "{51202915-76C1-492E-AB80-8A29734CA345}"
EndProject
Project("{FAE04EC0-301F-11D3-BF4B-00C04F79EFBC}") = "MobilePackageGen.Adapters", "src\MobilePackageGen.Adapters\MobilePackageGen.Adapters.csproj", "{C6D40ACD-339F-462F-98E6-8C25EDDDA251}"
EndProject
Project("{FAE04EC0-301F-11D3-BF4B-00C04F79EFBC}") = "WPBuildInfo", "src\Applications\WPBuildInfo\WPBuildInfo.csproj", "{8CD4A163-7E96-4B21-B88C-86E929E2B4A8}"
EndProject
Global
	GlobalSection(SolutionConfigurationPlatforms) = preSolution
		Debug|ARM32 = Debug|ARM32
		Debug|ARM64 = Debug|ARM64
		Debug|x64 = Debug|x64
		Debug|x86 = Debug|x86
		Release|ARM32 = Release|ARM32
		Release|ARM64 = Release|ARM64
		Release|x64 = Release|x64
		Release|x86 = Release|x86
	EndGlobalSection
	GlobalSection(ProjectConfigurationPlatforms) = postSolution
		{8C0A8B8C-F58A-4F08-88CA-47521AE6CA21}.Debug|ARM32.ActiveCfg = Debug|ARM32
		{8C0A8B8C-F58A-4F08-88CA-47521AE6CA21}.Debug|ARM32.Build.0 = Debug|ARM32
		{8C0A8B8C-F58A-4F08-88CA-47521AE6CA21}.Debug|ARM64.ActiveCfg = Debug|ARM64
		{8C0A8B8C-F58A-4F08-88CA-47521AE6CA21}.Debug|ARM64.Build.0 = Debug|ARM64
		{8C0A8B8C-F58A-4F08-88CA-47521AE6CA21}.Debug|x64.ActiveCfg = Debug|x64
		{8C0A8B8C-F58A-4F08-88CA-47521AE6CA21}.Debug|x64.Build.0 = Debug|x64
		{8C0A8B8C-F58A-4F08-88CA-47521AE6CA21}.Debug|x86.ActiveCfg = Debug|x86
		{8C0A8B8C-F58A-4F08-88CA-47521AE6CA21}.Debug|x86.Build.0 = Debug|x86
		{8C0A8B8C-F58A-4F08-88CA-47521AE6CA21}.Release|ARM32.ActiveCfg = Release|ARM32
		{8C0A8B8C-F58A-4F08-88CA-47521AE6CA21}.Release|ARM32.Build.0 = Release|ARM32
		{8C0A8B8C-F58A-4F08-88CA-47521AE6CA21}.Release|ARM64.ActiveCfg = Release|ARM64
		{8C0A8B8C-F58A-4F08-88CA-47521AE6CA21}.Release|ARM64.Build.0 = Release|ARM64
		{8C0A8B8C-F58A-4F08-88CA-47521AE6CA21}.Release|x64.ActiveCfg = Release|x64
		{8C0A8B8C-F58A-4F08-88CA-47521AE6CA21}.Release|x64.Build.0 = Release|x64
		{8C0A8B8C-F58A-4F08-88CA-47521AE6CA21}.Release|x86.ActiveCfg = Release|x86
		{8C0A8B8C-F58A-4F08-88CA-47521AE6CA21}.Release|x86.Build.0 = Release|x86
		{912207B0-FD2A-4ADB-9633-6AF13F48B70F}.Debug|ARM32.ActiveCfg = Debug|ARM32
		{912207B0-FD2A-4ADB-9633-6AF13F48B70F}.Debug|ARM32.Build.0 = Debug|ARM32
		{912207B0-FD2A-4ADB-9633-6AF13F48B70F}.Debug|ARM64.ActiveCfg = Debug|ARM64
		{912207B0-FD2A-4ADB-9633-6AF13F48B70F}.Debug|ARM64.Build.0 = Debug|ARM64
		{912207B0-FD2A-4ADB-9633-6AF13F48B70F}.Debug|x64.ActiveCfg = Debug|x64
		{912207B0-FD2A-4ADB-9633-6AF13F48B70F}.Debug|x64.Build.0 = Debug|x64
		{912207B0-FD2A-4ADB-9633-6AF13F48B70F}.Debug|x86.ActiveCfg = Debug|x86
		{912207B0-FD2A-4ADB-9633-6AF13F48B70F}.Debug|x86.Build.0 = Debug|x86
		{912207B0-FD2A-4ADB-9633-6AF13F48B70F}.Release|ARM32.ActiveCfg = Release|ARM32
		{912207B0-FD2A-4ADB-9633-6AF13F48B70F}.Release|ARM32.Build.0 = Release|ARM32
		{912207B0-FD2A-4ADB-9633-6AF13F48B70F}.Release|ARM64.ActiveCfg = Release|ARM64
		{912207B0-FD2A-4ADB-9633-6AF13F48B70F}.Release|ARM64.Build.0 = Release|ARM64
		{912207B0-FD2A-4ADB-9633-6AF13F48B70F}.Release|x64.ActiveCfg = Release|x64
		{912207B0-FD2A-4ADB-9633-6AF13F48B70F}.Release|x64.Build.0 = Release|x64
		{912207B0-FD2A-4ADB-9633-6AF13F48B70F}.Release|x86.ActiveCfg = Release|x86
		{912207B0-FD2A-4ADB-9633-6AF13F48B70F}.Release|x86.Build.0 = Release|x86
		{4EFCC0B9-9E93-4774-8C76-A3DEF5E6A3DD}.Debug|ARM32.ActiveCfg = Debug|ARM32
		{4EFCC0B9-9E93-4774-8C76-A3DEF5E6A3DD}.Debug|ARM32.Build.0 = Debug|ARM32
		{4EFCC0B9-9E93-4774-8C76-A3DEF5E6A3DD}.Debug|ARM64.ActiveCfg = Debug|ARM64
		{4EFCC0B9-9E93-4774-8C76-A3DEF5E6A3DD}.Debug|ARM64.Build.0 = Debug|ARM64
		{4EFCC0B9-9E93-4774-8C76-A3DEF5E6A3DD}.Debug|x64.ActiveCfg = Debug|x64
		{4EFCC0B9-9E93-4774-8C76-A3DEF5E6A3DD}.Debug|x64.Build.0 = Debug|x64
		{4EFCC0B9-9E93-4774-8C76-A3DEF5E6A3DD}.Debug|x86.ActiveCfg = Debug|x86
		{4EFCC0B9-9E93-4774-8C76-A3DEF5E6A3DD}.Debug|x86.Build.0 = Debug|x86
		{4EFCC0B9-9E93-4774-8C76-A3DEF5E6A3DD}.Release|ARM32.ActiveCfg = Release|ARM32
		{4EFCC0B9-9E93-4774-8C76-A3DEF5E6A3DD}.Release|ARM32.Build.0 = Release|ARM32
		{4EFCC0B9-9E93-4774-8C76-A3DEF5E6A3DD}.Release|ARM64.ActiveCfg = Release|ARM64
		{4EFCC0B9-9E93-4774-8C76-A3DEF5E6A3DD}.Release|ARM64.Build.0 = Release|ARM64
		{4EFCC0B9-9E93-4774-8C76-A3DEF5E6A3DD}.Release|x64.ActiveCfg = Release|x64
		{4EFCC0B9-9E93-4774-8C76-A3DEF5E6A3DD}.Release|x64.Build.0 = Release|x64
		{4EFCC0B9-9E93-4774-8C76-A3DEF5E6A3DD}.Release|x86.ActiveCfg = Release|x86
		{4EFCC0B9-9E93-4774-8C76-A3DEF5E6A3DD}.Release|x86.Build.0 = Release|x86
		{C080E837-DF6E-4770-9F90-26809919D8F2}.Debug|ARM32.ActiveCfg = Debug|ARM32
		{C080E837-DF6E-4770-9F90-26809919D8F2}.Debug|ARM32.Build.0 = Debug|ARM32
		{C080E837-DF6E-4770-9F90-26809919D8F2}.Debug|ARM64.ActiveCfg = Debug|ARM64
		{C080E837-DF6E-4770-9F90-26809919D8F2}.Debug|ARM64.Build.0 = Debug|ARM64
		{C080E837-DF6E-4770-9F90-26809919D8F2}.Debug|x64.ActiveCfg = Debug|x64
		{C080E837-DF6E-4770-9F90-26809919D8F2}.Debug|x64.Build.0 = Debug|x64
		{C080E837-DF6E-4770-9F90-26809919D8F2}.Debug|x86.ActiveCfg = Debug|x68
		{C080E837-DF6E-4770-9F90-26809919D8F2}.Debug|x86.Build.0 = Debug|x68
		{C080E837-DF6E-4770-9F90-26809919D8F2}.Release|ARM32.ActiveCfg = Release|ARM32
		{C080E837-DF6E-4770-9F90-26809919D8F2}.Release|ARM32.Build.0 = Release|ARM32
		{C080E837-DF6E-4770-9F90-26809919D8F2}.Release|ARM64.ActiveCfg = Release|ARM64
		{C080E837-DF6E-4770-9F90-26809919D8F2}.Release|ARM64.Build.0 = Release|ARM64
		{C080E837-DF6E-4770-9F90-26809919D8F2}.Release|x64.ActiveCfg = Release|x64
		{C080E837-DF6E-4770-9F90-26809919D8F2}.Release|x64.Build.0 = Release|x64
		{C080E837-DF6E-4770-9F90-26809919D8F2}.Release|x86.ActiveCfg = Release|x68
		{C080E837-DF6E-4770-9F90-26809919D8F2}.Release|x86.Build.0 = Release|x68
		{4B0C8574-9D79-436D-A491-B75C71FC9A76}.Debug|ARM32.ActiveCfg = Debug|ARM32
		{4B0C8574-9D79-436D-A491-B75C71FC9A76}.Debug|ARM32.Build.0 = Debug|ARM32
		{4B0C8574-9D79-436D-A491-B75C71FC9A76}.Debug|ARM64.ActiveCfg = Debug|ARM64
		{4B0C8574-9D79-436D-A491-B75C71FC9A76}.Debug|ARM64.Build.0 = Debug|ARM64
		{4B0C8574-9D79-436D-A491-B75C71FC9A76}.Debug|x64.ActiveCfg = Debug|x64
		{4B0C8574-9D79-436D-A491-B75C71FC9A76}.Debug|x64.Build.0 = Debug|x64
		{4B0C8574-9D79-436D-A491-B75C71FC9A76}.Debug|x86.ActiveCfg = Debug|x86
		{4B0C8574-9D79-436D-A491-B75C71FC9A76}.Debug|x86.Build.0 = Debug|x86
		{4B0C8574-9D79-436D-A491-B75C71FC9A76}.Release|ARM32.ActiveCfg = Release|ARM32
		{4B0C8574-9D79-436D-A491-B75C71FC9A76}.Release|ARM32.Build.0 = Release|ARM32
		{4B0C8574-9D79-436D-A491-B75C71FC9A76}.Release|ARM64.ActiveCfg = Release|ARM64
		{4B0C8574-9D79-436D-A491-B75C71FC9A76}.Release|ARM64.Build.0 = Release|ARM64
		{4B0C8574-9D79-436D-A491-B75C71FC9A76}.Release|x64.ActiveCfg = Release|x64
		{4B0C8574-9D79-436D-A491-B75C71FC9A76}.Release|x64.Build.0 = Release|x64
		{4B0C8574-9D79-436D-A491-B75C71FC9A76}.Release|x86.ActiveCfg = Release|x86
		{4B0C8574-9D79-436D-A491-B75C71FC9A76}.Release|x86.Build.0 = Release|x86
		{1B613066-C268-45E6-B7EA-5B95C8B90492}.Debug|ARM32.ActiveCfg = Debug|ARM32
		{1B613066-C268-45E6-B7EA-5B95C8B90492}.Debug|ARM32.Build.0 = Debug|ARM32
		{1B613066-C268-45E6-B7EA-5B95C8B90492}.Debug|ARM64.ActiveCfg = Debug|ARM64
		{1B613066-C268-45E6-B7EA-5B95C8B90492}.Debug|ARM64.Build.0 = Debug|ARM64
		{1B613066-C268-45E6-B7EA-5B95C8B90492}.Debug|x64.ActiveCfg = Debug|x64
		{1B613066-C268-45E6-B7EA-5B95C8B90492}.Debug|x64.Build.0 = Debug|x64
		{1B613066-C268-45E6-B7EA-5B95C8B90492}.Debug|x86.ActiveCfg = Debug|x86
		{1B613066-C268-45E6-B7EA-5B95C8B90492}.Debug|x86.Build.0 = Debug|x86
		{1B613066-C268-45E6-B7EA-5B95C8B90492}.Release|ARM32.ActiveCfg = Release|ARM32
		{1B613066-C268-45E6-B7EA-5B95C8B90492}.Release|ARM32.Build.0 = Release|ARM32
		{1B613066-C268-45E6-B7EA-5B95C8B90492}.Release|ARM64.ActiveCfg = Release|ARM64
		{1B613066-C268-45E6-B7EA-5B95C8B90492}.Release|ARM64.Build.0 = Release|ARM64
		{1B613066-C268-45E6-B7EA-5B95C8B90492}.Release|x64.ActiveCfg = Release|x64
		{1B613066-C268-45E6-B7EA-5B95C8B90492}.Release|x64.Build.0 = Release|x64
		{1B613066-C268-45E6-B7EA-5B95C8B90492}.Release|x86.ActiveCfg = Release|x86
		{1B613066-C268-45E6-B7EA-5B95C8B90492}.Release|x86.Build.0 = Release|x86
		{324BF59F-C8E1-4063-A7D2-034BD1B84BEB}.Debug|ARM32.ActiveCfg = Debug|ARM32
		{324BF59F-C8E1-4063-A7D2-034BD1B84BEB}.Debug|ARM32.Build.0 = Debug|ARM32
		{324BF59F-C8E1-4063-A7D2-034BD1B84BEB}.Debug|ARM64.ActiveCfg = Debug|ARM64
		{324BF59F-C8E1-4063-A7D2-034BD1B84BEB}.Debug|ARM64.Build.0 = Debug|ARM64
		{324BF59F-C8E1-4063-A7D2-034BD1B84BEB}.Debug|x64.ActiveCfg = Debug|x64
		{324BF59F-C8E1-4063-A7D2-034BD1B84BEB}.Debug|x64.Build.0 = Debug|x64
		{324BF59F-C8E1-4063-A7D2-034BD1B84BEB}.Debug|x86.ActiveCfg = Debug|x86
		{324BF59F-C8E1-4063-A7D2-034BD1B84BEB}.Debug|x86.Build.0 = Debug|x86
		{324BF59F-C8E1-4063-A7D2-034BD1B84BEB}.Release|ARM32.ActiveCfg = Release|ARM32
		{324BF59F-C8E1-4063-A7D2-034BD1B84BEB}.Release|ARM32.Build.0 = Release|ARM32
		{324BF59F-C8E1-4063-A7D2-034BD1B84BEB}.Release|ARM64.ActiveCfg = Release|ARM64
		{324BF59F-C8E1-4063-A7D2-034BD1B84BEB}.Release|ARM64.Build.0 = Release|ARM64
		{324BF59F-C8E1-4063-A7D2-034BD1B84BEB}.Release|x64.ActiveCfg = Release|x64
		{324BF59F-C8E1-4063-A7D2-034BD1B84BEB}.Release|x64.Build.0 = Release|x64
		{324BF59F-C8E1-4063-A7D2-034BD1B84BEB}.Release|x86.ActiveCfg = Release|x86
		{324BF59F-C8E1-4063-A7D2-034BD1B84BEB}.Release|x86.Build.0 = Release|x86
		{9DA68AEC-A3C4-409D-B365-4E3067FD9260}.Debug|ARM32.ActiveCfg = Debug|ARM32
		{9DA68AEC-A3C4-409D-B365-4E3067FD9260}.Debug|ARM32.Build.0 = Debug|ARM32
		{9DA68AEC-A3C4-409D-B365-4E3067FD9260}.Debug|ARM64.ActiveCfg = Debug|ARM64
		{9DA68AEC-A3C4-409D-B365-4E3067FD9260}.Debug|ARM64.Build.0 = Debug|ARM64
		{9DA68AEC-A3C4-409D-B365-4E3067FD9260}.Debug|x64.ActiveCfg = Debug|x64
		{9DA68AEC-A3C4-409D-B365-4E3067FD9260}.Debug|x64.Build.0 = Debug|x64
		{9DA68AEC-A3C4-409D-B365-4E3067FD9260}.Debug|x86.ActiveCfg = Debug|x86
		{9DA68AEC-A3C4-409D-B365-4E3067FD9260}.Debug|x86.Build.0 = Debug|x86
		{9DA68AEC-A3C4-409D-B365-4E3067FD9260}.Release|ARM32.ActiveCfg = Release|ARM32
		{9DA68AEC-A3C4-409D-B365-4E3067FD9260}.Release|ARM32.Build.0 = Release|ARM32
		{9DA68AEC-A3C4-409D-B365-4E3067FD9260}.Release|ARM64.ActiveCfg = Release|ARM64
		{9DA68AEC-A3C4-409D-B365-4E3067FD9260}.Release|ARM64.Build.0 = Release|ARM64
		{9DA68AEC-A3C4-409D-B365-4E3067FD9260}.Release|x64.ActiveCfg = Release|x64
		{9DA68AEC-A3C4-409D-B365-4E3067FD9260}.Release|x64.Build.0 = Release|x64
		{9DA68AEC-A3C4-409D-B365-4E3067FD9260}.Release|x86.ActiveCfg = Release|x86
		{9DA68AEC-A3C4-409D-B365-4E3067FD9260}.Release|x86.Build.0 = Release|x86
		{EF89761B-7CDB-4304-843E-5397C2BC8090}.Debug|ARM32.ActiveCfg = Debug|ARM32
		{EF89761B-7CDB-4304-843E-5397C2BC8090}.Debug|ARM32.Build.0 = Debug|ARM32
		{EF89761B-7CDB-4304-843E-5397C2BC8090}.Debug|ARM64.ActiveCfg = Debug|ARM64
		{EF89761B-7CDB-4304-843E-5397C2BC8090}.Debug|ARM64.Build.0 = Debug|ARM64
		{EF89761B-7CDB-4304-843E-5397C2BC8090}.Debug|x64.ActiveCfg = Debug|x64
		{EF89761B-7CDB-4304-843E-5397C2BC8090}.Debug|x64.Build.0 = Debug|x64
		{EF89761B-7CDB-4304-843E-5397C2BC8090}.Debug|x86.ActiveCfg = Debug|x86
		{EF89761B-7CDB-4304-843E-5397C2BC8090}.Debug|x86.Build.0 = Debug|x86
		{EF89761B-7CDB-4304-843E-5397C2BC8090}.Release|ARM32.ActiveCfg = Release|ARM32
		{EF89761B-7CDB-4304-843E-5397C2BC8090}.Release|ARM32.Build.0 = Release|ARM32
		{EF89761B-7CDB-4304-843E-5397C2BC8090}.Release|ARM64.ActiveCfg = Release|ARM64
		{EF89761B-7CDB-4304-843E-5397C2BC8090}.Release|ARM64.Build.0 = Release|ARM64
		{EF89761B-7CDB-4304-843E-5397C2BC8090}.Release|x64.ActiveCfg = Release|x64
		{EF89761B-7CDB-4304-843E-5397C2BC8090}.Release|x64.Build.0 = Release|x64
		{EF89761B-7CDB-4304-843E-5397C2BC8090}.Release|x86.ActiveCfg = Release|x86
		{EF89761B-7CDB-4304-843E-5397C2BC8090}.Release|x86.Build.0 = Release|x86
		{52781D63-1048-46BF-9805-6D7B8A3C4730}.Debug|ARM32.ActiveCfg = Debug|ARM32
		{52781D63-1048-46BF-9805-6D7B8A3C4730}.Debug|ARM32.Build.0 = Debug|ARM32
		{52781D63-1048-46BF-9805-6D7B8A3C4730}.Debug|ARM64.ActiveCfg = Debug|ARM64
		{52781D63-1048-46BF-9805-6D7B8A3C4730}.Debug|ARM64.Build.0 = Debug|ARM64
		{52781D63-1048-46BF-9805-6D7B8A3C4730}.Debug|x64.ActiveCfg = Debug|x64
		{52781D63-1048-46BF-9805-6D7B8A3C4730}.Debug|x64.Build.0 = Debug|x64
		{52781D63-1048-46BF-9805-6D7B8A3C4730}.Debug|x86.ActiveCfg = Debug|x86
		{52781D63-1048-46BF-9805-6D7B8A3C4730}.Debug|x86.Build.0 = Debug|x86
		{52781D63-1048-46BF-9805-6D7B8A3C4730}.Release|ARM32.ActiveCfg = Release|ARM32
		{52781D63-1048-46BF-9805-6D7B8A3C4730}.Release|ARM32.Build.0 = Release|ARM32
		{52781D63-1048-46BF-9805-6D7B8A3C4730}.Release|ARM64.ActiveCfg = Release|ARM64
		{52781D63-1048-46BF-9805-6D7B8A3C4730}.Release|ARM64.Build.0 = Release|ARM64
		{52781D63-1048-46BF-9805-6D7B8A3C4730}.Release|x64.ActiveCfg = Release|x64
		{52781D63-1048-46BF-9805-6D7B8A3C4730}.Release|x64.Build.0 = Release|x64
		{52781D63-1048-46BF-9805-6D7B8A3C4730}.Release|x86.ActiveCfg = Release|x86
		{52781D63-1048-46BF-9805-6D7B8A3C4730}.Release|x86.Build.0 = Release|x86
		{3EFC9ED8-C2B8-4499-AF0F-DE03792B5716}.Debug|ARM32.ActiveCfg = Debug|ARM32
		{3EFC9ED8-C2B8-4499-AF0F-DE03792B5716}.Debug|ARM32.Build.0 = Debug|ARM32
		{3EFC9ED8-C2B8-4499-AF0F-DE03792B5716}.Debug|ARM64.ActiveCfg = Debug|ARM64
		{3EFC9ED8-C2B8-4499-AF0F-DE03792B5716}.Debug|ARM64.Build.0 = Debug|ARM64
		{3EFC9ED8-C2B8-4499-AF0F-DE03792B5716}.Debug|x64.ActiveCfg = Debug|x64
		{3EFC9ED8-C2B8-4499-AF0F-DE03792B5716}.Debug|x64.Build.0 = Debug|x64
		{3EFC9ED8-C2B8-4499-AF0F-DE03792B5716}.Debug|x86.ActiveCfg = Debug|x86
		{3EFC9ED8-C2B8-4499-AF0F-DE03792B5716}.Debug|x86.Build.0 = Debug|x86
		{3EFC9ED8-C2B8-4499-AF0F-DE03792B5716}.Release|ARM32.ActiveCfg = Release|ARM32
		{3EFC9ED8-C2B8-4499-AF0F-DE03792B5716}.Release|ARM32.Build.0 = Release|ARM32
		{3EFC9ED8-C2B8-4499-AF0F-DE03792B5716}.Release|ARM64.ActiveCfg = Release|ARM64
		{3EFC9ED8-C2B8-4499-AF0F-DE03792B5716}.Release|ARM64.Build.0 = Release|ARM64
		{3EFC9ED8-C2B8-4499-AF0F-DE03792B5716}.Release|x64.ActiveCfg = Release|x64
		{3EFC9ED8-C2B8-4499-AF0F-DE03792B5716}.Release|x64.Build.0 = Release|x64
		{3EFC9ED8-C2B8-4499-AF0F-DE03792B5716}.Release|x86.ActiveCfg = Release|x86
		{3EFC9ED8-C2B8-4499-AF0F-DE03792B5716}.Release|x86.Build.0 = Release|x86
		{B31EF79C-D68D-463E-8C46-A0E2D8CD2BA0}.Debug|ARM32.ActiveCfg = Debug|ARM32
		{B31EF79C-D68D-463E-8C46-A0E2D8CD2BA0}.Debug|ARM32.Build.0 = Debug|ARM32
		{B31EF79C-D68D-463E-8C46-A0E2D8CD2BA0}.Debug|ARM64.ActiveCfg = Debug|ARM64
		{B31EF79C-D68D-463E-8C46-A0E2D8CD2BA0}.Debug|ARM64.Build.0 = Debug|ARM64
		{B31EF79C-D68D-463E-8C46-A0E2D8CD2BA0}.Debug|x64.ActiveCfg = Debug|x64
		{B31EF79C-D68D-463E-8C46-A0E2D8CD2BA0}.Debug|x64.Build.0 = Debug|x64
		{B31EF79C-D68D-463E-8C46-A0E2D8CD2BA0}.Debug|x86.ActiveCfg = Debug|x86
		{B31EF79C-D68D-463E-8C46-A0E2D8CD2BA0}.Debug|x86.Build.0 = Debug|x86
		{B31EF79C-D68D-463E-8C46-A0E2D8CD2BA0}.Release|ARM32.ActiveCfg = Release|ARM32
		{B31EF79C-D68D-463E-8C46-A0E2D8CD2BA0}.Release|ARM32.Build.0 = Release|ARM32
		{B31EF79C-D68D-463E-8C46-A0E2D8CD2BA0}.Release|ARM64.ActiveCfg = Release|ARM64
		{B31EF79C-D68D-463E-8C46-A0E2D8CD2BA0}.Release|ARM64.Build.0 = Release|ARM64
		{B31EF79C-D68D-463E-8C46-A0E2D8CD2BA0}.Release|x64.ActiveCfg = Release|x64
		{B31EF79C-D68D-463E-8C46-A0E2D8CD2BA0}.Release|x64.Build.0 = Release|x64
		{B31EF79C-D68D-463E-8C46-A0E2D8CD2BA0}.Release|x86.ActiveCfg = Release|x86
		{B31EF79C-D68D-463E-8C46-A0E2D8CD2BA0}.Release|x86.Build.0 = Release|x86
		{213206D7-B37F-4619-8E92-56BBEFFE18FF}.Debug|ARM32.ActiveCfg = Debug|ARM32
		{213206D7-B37F-4619-8E92-56BBEFFE18FF}.Debug|ARM32.Build.0 = Debug|ARM32
		{213206D7-B37F-4619-8E92-56BBEFFE18FF}.Debug|ARM64.ActiveCfg = Debug|ARM64
		{213206D7-B37F-4619-8E92-56BBEFFE18FF}.Debug|ARM64.Build.0 = Debug|ARM64
		{213206D7-B37F-4619-8E92-56BBEFFE18FF}.Debug|x64.ActiveCfg = Debug|x64
		{213206D7-B37F-4619-8E92-56BBEFFE18FF}.Debug|x64.Build.0 = Debug|x64
		{213206D7-B37F-4619-8E92-56BBEFFE18FF}.Debug|x86.ActiveCfg = Debug|x86
		{213206D7-B37F-4619-8E92-56BBEFFE18FF}.Debug|x86.Build.0 = Debug|x86
		{213206D7-B37F-4619-8E92-56BBEFFE18FF}.Release|ARM32.ActiveCfg = Release|ARM32
		{213206D7-B37F-4619-8E92-56BBEFFE18FF}.Release|ARM32.Build.0 = Release|ARM32
		{213206D7-B37F-4619-8E92-56BBEFFE18FF}.Release|ARM64.ActiveCfg = Release|ARM64
		{213206D7-B37F-4619-8E92-56BBEFFE18FF}.Release|ARM64.Build.0 = Release|ARM64
		{213206D7-B37F-4619-8E92-56BBEFFE18FF}.Release|x64.ActiveCfg = Release|x64
		{213206D7-B37F-4619-8E92-56BBEFFE18FF}.Release|x64.Build.0 = Release|x64
		{213206D7-B37F-4619-8E92-56BBEFFE18FF}.Release|x86.ActiveCfg = Release|x86
		{213206D7-B37F-4619-8E92-56BBEFFE18FF}.Release|x86.Build.0 = Release|x86
		{51202915-76C1-492E-AB80-8A29734CA345}.Debug|ARM32.ActiveCfg = Debug|ARM32
		{51202915-76C1-492E-AB80-8A29734CA345}.Debug|ARM32.Build.0 = Debug|ARM32
		{51202915-76C1-492E-AB80-8A29734CA345}.Debug|ARM64.ActiveCfg = Debug|ARM64
		{51202915-76C1-492E-AB80-8A29734CA345}.Debug|ARM64.Build.0 = Debug|ARM64
		{51202915-76C1-492E-AB80-8A29734CA345}.Debug|x64.ActiveCfg = Debug|x64
		{51202915-76C1-492E-AB80-8A29734CA345}.Debug|x64.Build.0 = Debug|x64
		{51202915-76C1-492E-AB80-8A29734CA345}.Debug|x86.ActiveCfg = Debug|x86
		{51202915-76C1-492E-AB80-8A29734CA345}.Debug|x86.Build.0 = Debug|x86
		{51202915-76C1-492E-AB80-8A29734CA345}.Release|ARM32.ActiveCfg = Release|ARM32
		{51202915-76C1-492E-AB80-8A29734CA345}.Release|ARM32.Build.0 = Release|ARM32
		{51202915-76C1-492E-AB80-8A29734CA345}.Release|ARM64.ActiveCfg = Release|ARM64
		{51202915-76C1-492E-AB80-8A29734CA345}.Release|ARM64.Build.0 = Release|ARM64
		{51202915-76C1-492E-AB80-8A29734CA345}.Release|x64.ActiveCfg = Release|x64
		{51202915-76C1-492E-AB80-8A29734CA345}.Release|x64.Build.0 = Release|x64
		{51202915-76C1-492E-AB80-8A29734CA345}.Release|x86.ActiveCfg = Release|x86
		{51202915-76C1-492E-AB80-8A29734CA345}.Release|x86.Build.0 = Release|x86
		{C6D40ACD-339F-462F-98E6-8C25EDDDA251}.Debug|ARM32.ActiveCfg = Debug|ARM32
		{C6D40ACD-339F-462F-98E6-8C25EDDDA251}.Debug|ARM32.Build.0 = Debug|ARM32
		{C6D40ACD-339F-462F-98E6-8C25EDDDA251}.Debug|ARM64.ActiveCfg = Debug|ARM64
		{C6D40ACD-339F-462F-98E6-8C25EDDDA251}.Debug|ARM64.Build.0 = Debug|ARM64
		{C6D40ACD-339F-462F-98E6-8C25EDDDA251}.Debug|x64.ActiveCfg = Debug|x64
		{C6D40ACD-339F-462F-98E6-8C25EDDDA251}.Debug|x64.Build.0 = Debug|x64
		{C6D40ACD-339F-462F-98E6-8C25EDDDA251}.Debug|x86.ActiveCfg = Debug|x86
		{C6D40ACD-339F-462F-98E6-8C25EDDDA251}.Debug|x86.Build.0 = Debug|x86
		{C6D40ACD-339F-462F-98E6-8C25EDDDA251}.Release|ARM32.ActiveCfg = Release|ARM32
		{C6D40ACD-339F-462F-98E6-8C25EDDDA251}.Release|ARM32.Build.0 = Release|ARM32
		{C6D40ACD-339F-462F-98E6-8C25EDDDA251}.Release|ARM64.ActiveCfg = Release|ARM64
		{C6D40ACD-339F-462F-98E6-8C25EDDDA251}.Release|ARM64.Build.0 = Release|ARM64
		{C6D40ACD-339F-462F-98E6-8C25EDDDA251}.Release|x64.ActiveCfg = Release|x64
		{C6D40ACD-339F-462F-98E6-8C25EDDDA251}.Release|x64.Build.0 = Release|x64
		{C6D40ACD-339F-462F-98E6-8C25EDDDA251}.Release|x86.ActiveCfg = Release|x86
		{C6D40ACD-339F-462F-98E6-8C25EDDDA251}.Release|x86.Build.0 = Release|x86
		{8CD4A163-7E96-4B21-B88C-86E929E2B4A8}.Debug|ARM32.ActiveCfg = Debug|ARM32
		{8CD4A163-7E96-4B21-B88C-86E929E2B4A8}.Debug|ARM32.Build.0 = Debug|ARM32
		{8CD4A163-7E96-4B21-B88C-86E929E2B4A8}.Debug|ARM64.ActiveCfg = Debug|ARM64
		{8CD4A163-7E96-4B21-B88C-86E929E2B4A8}.Debug|ARM64.Build.0 = Debug|ARM64
		{8CD4A163-7E96-4B21-B88C-86E929E2B4A8}.Debug|x64.ActiveCfg = Debug|x64
		{8CD4A163-7E96-4B21-B88C-86E929E2B4A8}.Debug|x64.Build.0 = Debug|x64
		{8CD4A163-7E96-4B21-B88C-86E929E2B4A8}.Debug|x86.ActiveCfg = Debug|x86
		{8CD4A163-7E96-4B21-B88C-86E929E2B4A8}.Debug|x86.Build.0 = Debug|x86
		{8CD4A163-7E96-4B21-B88C-86E929E2B4A8}.Release|ARM32.ActiveCfg = Release|ARM32
		{8CD4A163-7E96-4B21-B88C-86E929E2B4A8}.Release|ARM32.Build.0 = Release|ARM32
		{8CD4A163-7E96-4B21-B88C-86E929E2B4A8}.Release|ARM64.ActiveCfg = Release|ARM64
		{8CD4A163-7E96-4B21-B88C-86E929E2B4A8}.Release|ARM64.Build.0 = Release|ARM64
		{8CD4A163-7E96-4B21-B88C-86E929E2B4A8}.Release|x64.ActiveCfg = Release|x64
		{8CD4A163-7E96-4B21-B88C-86E929E2B4A8}.Release|x64.Build.0 = Release|x64
		{8CD4A163-7E96-4B21-B88C-86E929E2B4A8}.Release|x86.ActiveCfg = Release|x86
		{8CD4A163-7E96-4B21-B88C-86E929E2B4A8}.Release|x86.Build.0 = Release|x86
	EndGlobalSection
	GlobalSection(SolutionProperties) = preSolution
		HideSolutionNode = FALSE
	EndGlobalSection
	GlobalSection(NestedProjects) = preSolution
		{912207B0-FD2A-4ADB-9633-6AF13F48B70F} = {79E4A3B7-A504-488B-B5C7-8FDC8DA8816C}
		{4EFCC0B9-9E93-4774-8C76-A3DEF5E6A3DD} = {79E4A3B7-A504-488B-B5C7-8FDC8DA8816C}
		{C080E837-DF6E-4770-9F90-26809919D8F2} = {79E4A3B7-A504-488B-B5C7-8FDC8DA8816C}
		{4B0C8574-9D79-436D-A491-B75C71FC9A76} = {79E4A3B7-A504-488B-B5C7-8FDC8DA8816C}
		{1B613066-C268-45E6-B7EA-5B95C8B90492} = {79E4A3B7-A504-488B-B5C7-8FDC8DA8816C}
		{9DA68AEC-A3C4-409D-B365-4E3067FD9260} = {79E4A3B7-A504-488B-B5C7-8FDC8DA8816C}
		{EF89761B-7CDB-4304-843E-5397C2BC8090} = {79E4A3B7-A504-488B-B5C7-8FDC8DA8816C}
		{213206D7-B37F-4619-8E92-56BBEFFE18FF} = {79E4A3B7-A504-488B-B5C7-8FDC8DA8816C}
		{C6D40ACD-339F-462F-98E6-8C25EDDDA251} = {79E4A3B7-A504-488B-B5C7-8FDC8DA8816C}
	EndGlobalSection
	GlobalSection(ExtensibilityGlobals) = postSolution
		SolutionGuid = {0645CA94-4715-4CE3-AB18-258CED23724F}
	EndGlobalSection
EndGlobal
