
Microsoft Visual Studio Solution File, Format Version 12.00
# Visual Studio Version 17
VisualStudioVersion = 17.6.33626.354
MinimumVisualStudioVersion = 10.0.40219.1
Project("{9A19103F-16F7-4668-BE54-9A1E7A4F7556}") = "ToSPKG", "src\Applications\ToSPKG\ToSPKG.csproj", "{0195DB5E-E67B-4FEE-8C8F-1C78B5DAD3CF}"
EndProject
Project("{9A19103F-16F7-4668-BE54-9A1E7A4F7556}") = "ToSPKGFfu", "src\Applications\ToSPKGFfu\ToSPKGFfu.csproj", "{C0CC0861-789A-47E3-BF6C-BCA9E6EC8D94}"
EndProject
Project("{9A19103F-16F7-4668-BE54-9A1E7A4F7556}") = "ToSPKGVhdx", "src\Applications\ToSPKGVhdx\ToSPKGVhdx.csproj", "{39650795-EAE6-4563-85B1-6C9B55394AFB}"
EndProject
Project("{9A19103F-16F7-4668-BE54-9A1E7A4F7556}") = "ToCBS", "src\Applications\ToCBS\ToCBS.csproj", "{2B151745-98B8-4FAE-83B0-33311F4019E1}"
EndProject
Project("{9A19103F-16F7-4668-BE54-9A1E7A4F7556}") = "ToCBSVhdxNoPool", "src\Applications\ToCBSVhdxNoPool\ToCBSVhdxNoPool.csproj", "{28A3F055-744E-424C-8511-676A7F04C9A8}"
EndProject
Project("{9A19103F-16F7-4668-BE54-9A1E7A4F7556}") = "ToCBSFfuNoPool", "src\Applications\ToCBSFfuNoPool\ToCBSFfuNoPool.csproj", "{24BB7DD1-90B8-4048-9D2A-303A77338768}"
EndProject
Project("{9A19103F-16F7-4668-BE54-9A1E7A4F7556}") = "CbsToReg", "src\Applications\CbsToReg\CbsToReg.csproj", "{8C0A8B8C-F58A-4F08-88CA-47521AE6CA21}"
EndProject
Project("{2150E333-8FDC-42A3-9474-1A3956D46DE8}") = "Libraries", "Libraries", "{79E4A3B7-A504-488B-B5C7-8FDC8DA8816C}"
EndProject
Project("{9A19103F-16F7-4668-BE54-9A1E7A4F7556}") = "Microsoft.Deployment.Compression", "src\Microsoft.Deployment.Compression\Microsoft.Deployment.Compression.csproj", "{912207B0-FD2A-4ADB-9633-6AF13F48B70F}"
EndProject
Project("{9A19103F-16F7-4668-BE54-9A1E7A4F7556}") = "Microsoft.Deployment.Compression.Cab", "src\Microsoft.Deployment.Compression.Cab\Microsoft.Deployment.Compression.Cab.csproj", "{4EFCC0B9-9E93-4774-8C76-A3DEF5E6A3DD}"
EndProject
Project("{9A19103F-16F7-4668-BE54-9A1E7A4F7556}") = "Archives.DiscUtils", "src\Archives.DiscUtils\Archives.DiscUtils.csproj", "{C080E837-DF6E-4770-9F90-26809919D8F2}"
EndProject
Project("{9A19103F-16F7-4668-BE54-9A1E7A4F7556}") = "Diskstream", "src\Diskstream\Diskstream.csproj", "{1EA0B0B9-42CC-4860-8DC9-5C50D971B838}"
EndProject
Project("{9A19103F-16F7-4668-BE54-9A1E7A4F7556}") = "Img2Ffu", "src\Img2Ffu\Img2Ffu.csproj", "{4B0C8574-9D79-436D-A491-B75C71FC9A76}"
EndProject
Project("{9A19103F-16F7-4668-BE54-9A1E7A4F7556}") = "ToCBSVhdx", "src\Applications\ToCBSVhdx\ToCBSVhdx.csproj", "{403AFD7E-3C31-460A-B02D-B480ACA11647}"
EndProject
Project("{9A19103F-16F7-4668-BE54-9A1E7A4F7556}") = "ToSPKGWim", "src\Applications\ToSPKGWim\ToSPKGWim.csproj", "{126E3280-2426-4851-BABF-52B2A54B350B}"
EndProject
Project("{9A19103F-16F7-4668-BE54-9A1E7A4F7556}") = "ToCBSWim", "src\Applications\ToCBSWim\ToCBSWim.csproj", "{964F389E-1DCA-4634-9AE4-7A65526A7C0F}"
EndProject
Project("{9A19103F-16F7-4668-BE54-9A1E7A4F7556}") = "MobilePackageGen.Common", "src\MobilePackageGen.Common\MobilePackageGen.Common.csproj", "{1B613066-C268-45E6-B7EA-5B95C8B90492}"
EndProject
Project("{FAE04EC0-301F-11D3-BF4B-00C04F79EFBC}") = "SecWim2Wim", "src\Applications\SecWim2Wim\SecWim2Wim.csproj", "{324BF59F-C8E1-4063-A7D2-034BD1B84BEB}"
EndProject
Global
	GlobalSection(SolutionConfigurationPlatforms) = preSolution
		Debug|Any CPU = Debug|Any CPU
		Debug|ARM64 = Debug|ARM64
		Debug|x64 = Debug|x64
		Debug|x86 = Debug|x86
		Release|Any CPU = Release|Any CPU
		Release|ARM64 = Release|ARM64
		Release|x64 = Release|x64
		Release|x86 = Release|x86
	EndGlobalSection
	GlobalSection(ProjectConfigurationPlatforms) = postSolution
		{0195DB5E-E67B-4FEE-8C8F-1C78B5DAD3CF}.Debug|Any CPU.ActiveCfg = Debug|Any CPU
		{0195DB5E-E67B-4FEE-8C8F-1C78B5DAD3CF}.Debug|Any CPU.Build.0 = Debug|Any CPU
		{0195DB5E-E67B-4FEE-8C8F-1C78B5DAD3CF}.Debug|ARM64.ActiveCfg = Debug|ARM64
		{0195DB5E-E67B-4FEE-8C8F-1C78B5DAD3CF}.Debug|ARM64.Build.0 = Debug|ARM64
		{0195DB5E-E67B-4FEE-8C8F-1C78B5DAD3CF}.Debug|x64.ActiveCfg = Debug|x64
		{0195DB5E-E67B-4FEE-8C8F-1C78B5DAD3CF}.Debug|x64.Build.0 = Debug|x64
		{0195DB5E-E67B-4FEE-8C8F-1C78B5DAD3CF}.Debug|x86.ActiveCfg = Debug|Any CPU
		{0195DB5E-E67B-4FEE-8C8F-1C78B5DAD3CF}.Debug|x86.Build.0 = Debug|Any CPU
		{0195DB5E-E67B-4FEE-8C8F-1C78B5DAD3CF}.Release|Any CPU.ActiveCfg = Release|Any CPU
		{0195DB5E-E67B-4FEE-8C8F-1C78B5DAD3CF}.Release|Any CPU.Build.0 = Release|Any CPU
		{0195DB5E-E67B-4FEE-8C8F-1C78B5DAD3CF}.Release|ARM64.ActiveCfg = Release|ARM64
		{0195DB5E-E67B-4FEE-8C8F-1C78B5DAD3CF}.Release|ARM64.Build.0 = Release|ARM64
		{0195DB5E-E67B-4FEE-8C8F-1C78B5DAD3CF}.Release|x64.ActiveCfg = Release|x64
		{0195DB5E-E67B-4FEE-8C8F-1C78B5DAD3CF}.Release|x64.Build.0 = Release|x64
		{0195DB5E-E67B-4FEE-8C8F-1C78B5DAD3CF}.Release|x86.ActiveCfg = Release|Any CPU
		{0195DB5E-E67B-4FEE-8C8F-1C78B5DAD3CF}.Release|x86.Build.0 = Release|Any CPU
		{C0CC0861-789A-47E3-BF6C-BCA9E6EC8D94}.Debug|Any CPU.ActiveCfg = Debug|Any CPU
		{C0CC0861-789A-47E3-BF6C-BCA9E6EC8D94}.Debug|Any CPU.Build.0 = Debug|Any CPU
		{C0CC0861-789A-47E3-BF6C-BCA9E6EC8D94}.Debug|ARM64.ActiveCfg = Debug|ARM64
		{C0CC0861-789A-47E3-BF6C-BCA9E6EC8D94}.Debug|ARM64.Build.0 = Debug|ARM64
		{C0CC0861-789A-47E3-BF6C-BCA9E6EC8D94}.Debug|x64.ActiveCfg = Debug|x64
		{C0CC0861-789A-47E3-BF6C-BCA9E6EC8D94}.Debug|x64.Build.0 = Debug|x64
		{C0CC0861-789A-47E3-BF6C-BCA9E6EC8D94}.Debug|x86.ActiveCfg = Debug|Any CPU
		{C0CC0861-789A-47E3-BF6C-BCA9E6EC8D94}.Debug|x86.Build.0 = Debug|Any CPU
		{C0CC0861-789A-47E3-BF6C-BCA9E6EC8D94}.Release|Any CPU.ActiveCfg = Release|Any CPU
		{C0CC0861-789A-47E3-BF6C-BCA9E6EC8D94}.Release|Any CPU.Build.0 = Release|Any CPU
		{C0CC0861-789A-47E3-BF6C-BCA9E6EC8D94}.Release|ARM64.ActiveCfg = Release|ARM64
		{C0CC0861-789A-47E3-BF6C-BCA9E6EC8D94}.Release|ARM64.Build.0 = Release|ARM64
		{C0CC0861-789A-47E3-BF6C-BCA9E6EC8D94}.Release|x64.ActiveCfg = Release|x64
		{C0CC0861-789A-47E3-BF6C-BCA9E6EC8D94}.Release|x64.Build.0 = Release|x64
		{C0CC0861-789A-47E3-BF6C-BCA9E6EC8D94}.Release|x86.ActiveCfg = Release|Any CPU
		{C0CC0861-789A-47E3-BF6C-BCA9E6EC8D94}.Release|x86.Build.0 = Release|Any CPU
		{39650795-EAE6-4563-85B1-6C9B55394AFB}.Debug|Any CPU.ActiveCfg = Debug|Any CPU
		{39650795-EAE6-4563-85B1-6C9B55394AFB}.Debug|Any CPU.Build.0 = Debug|Any CPU
		{39650795-EAE6-4563-85B1-6C9B55394AFB}.Debug|ARM64.ActiveCfg = Debug|ARM64
		{39650795-EAE6-4563-85B1-6C9B55394AFB}.Debug|ARM64.Build.0 = Debug|ARM64
		{39650795-EAE6-4563-85B1-6C9B55394AFB}.Debug|x64.ActiveCfg = Debug|x64
		{39650795-EAE6-4563-85B1-6C9B55394AFB}.Debug|x64.Build.0 = Debug|x64
		{39650795-EAE6-4563-85B1-6C9B55394AFB}.Debug|x86.ActiveCfg = Debug|Any CPU
		{39650795-EAE6-4563-85B1-6C9B55394AFB}.Debug|x86.Build.0 = Debug|Any CPU
		{39650795-EAE6-4563-85B1-6C9B55394AFB}.Release|Any CPU.ActiveCfg = Release|Any CPU
		{39650795-EAE6-4563-85B1-6C9B55394AFB}.Release|Any CPU.Build.0 = Release|Any CPU
		{39650795-EAE6-4563-85B1-6C9B55394AFB}.Release|ARM64.ActiveCfg = Release|ARM64
		{39650795-EAE6-4563-85B1-6C9B55394AFB}.Release|ARM64.Build.0 = Release|ARM64
		{39650795-EAE6-4563-85B1-6C9B55394AFB}.Release|x64.ActiveCfg = Release|x64
		{39650795-EAE6-4563-85B1-6C9B55394AFB}.Release|x64.Build.0 = Release|x64
		{39650795-EAE6-4563-85B1-6C9B55394AFB}.Release|x86.ActiveCfg = Release|Any CPU
		{39650795-EAE6-4563-85B1-6C9B55394AFB}.Release|x86.Build.0 = Release|Any CPU
		{2B151745-98B8-4FAE-83B0-33311F4019E1}.Debug|Any CPU.ActiveCfg = Debug|Any CPU
		{2B151745-98B8-4FAE-83B0-33311F4019E1}.Debug|Any CPU.Build.0 = Debug|Any CPU
		{2B151745-98B8-4FAE-83B0-33311F4019E1}.Debug|ARM64.ActiveCfg = Debug|ARM64
		{2B151745-98B8-4FAE-83B0-33311F4019E1}.Debug|ARM64.Build.0 = Debug|ARM64
		{2B151745-98B8-4FAE-83B0-33311F4019E1}.Debug|x64.ActiveCfg = Debug|x64
		{2B151745-98B8-4FAE-83B0-33311F4019E1}.Debug|x64.Build.0 = Debug|x64
		{2B151745-98B8-4FAE-83B0-33311F4019E1}.Debug|x86.ActiveCfg = Debug|Any CPU
		{2B151745-98B8-4FAE-83B0-33311F4019E1}.Debug|x86.Build.0 = Debug|Any CPU
		{2B151745-98B8-4FAE-83B0-33311F4019E1}.Release|Any CPU.ActiveCfg = Release|Any CPU
		{2B151745-98B8-4FAE-83B0-33311F4019E1}.Release|Any CPU.Build.0 = Release|Any CPU
		{2B151745-98B8-4FAE-83B0-33311F4019E1}.Release|ARM64.ActiveCfg = Release|ARM64
		{2B151745-98B8-4FAE-83B0-33311F4019E1}.Release|ARM64.Build.0 = Release|ARM64
		{2B151745-98B8-4FAE-83B0-33311F4019E1}.Release|x64.ActiveCfg = Release|x64
		{2B151745-98B8-4FAE-83B0-33311F4019E1}.Release|x64.Build.0 = Release|x64
		{2B151745-98B8-4FAE-83B0-33311F4019E1}.Release|x86.ActiveCfg = Release|Any CPU
		{2B151745-98B8-4FAE-83B0-33311F4019E1}.Release|x86.Build.0 = Release|Any CPU
		{28A3F055-744E-424C-8511-676A7F04C9A8}.Debug|Any CPU.ActiveCfg = Debug|Any CPU
		{28A3F055-744E-424C-8511-676A7F04C9A8}.Debug|Any CPU.Build.0 = Debug|Any CPU
		{28A3F055-744E-424C-8511-676A7F04C9A8}.Debug|ARM64.ActiveCfg = Debug|ARM64
		{28A3F055-744E-424C-8511-676A7F04C9A8}.Debug|ARM64.Build.0 = Debug|ARM64
		{28A3F055-744E-424C-8511-676A7F04C9A8}.Debug|x64.ActiveCfg = Debug|x64
		{28A3F055-744E-424C-8511-676A7F04C9A8}.Debug|x64.Build.0 = Debug|x64
		{28A3F055-744E-424C-8511-676A7F04C9A8}.Debug|x86.ActiveCfg = Debug|Any CPU
		{28A3F055-744E-424C-8511-676A7F04C9A8}.Debug|x86.Build.0 = Debug|Any CPU
		{28A3F055-744E-424C-8511-676A7F04C9A8}.Release|Any CPU.ActiveCfg = Release|Any CPU
		{28A3F055-744E-424C-8511-676A7F04C9A8}.Release|Any CPU.Build.0 = Release|Any CPU
		{28A3F055-744E-424C-8511-676A7F04C9A8}.Release|ARM64.ActiveCfg = Release|ARM64
		{28A3F055-744E-424C-8511-676A7F04C9A8}.Release|ARM64.Build.0 = Release|ARM64
		{28A3F055-744E-424C-8511-676A7F04C9A8}.Release|x64.ActiveCfg = Release|x64
		{28A3F055-744E-424C-8511-676A7F04C9A8}.Release|x64.Build.0 = Release|x64
		{28A3F055-744E-424C-8511-676A7F04C9A8}.Release|x86.ActiveCfg = Release|Any CPU
		{28A3F055-744E-424C-8511-676A7F04C9A8}.Release|x86.Build.0 = Release|Any CPU
		{24BB7DD1-90B8-4048-9D2A-303A77338768}.Debug|Any CPU.ActiveCfg = Debug|Any CPU
		{24BB7DD1-90B8-4048-9D2A-303A77338768}.Debug|Any CPU.Build.0 = Debug|Any CPU
		{24BB7DD1-90B8-4048-9D2A-303A77338768}.Debug|ARM64.ActiveCfg = Debug|ARM64
		{24BB7DD1-90B8-4048-9D2A-303A77338768}.Debug|ARM64.Build.0 = Debug|ARM64
		{24BB7DD1-90B8-4048-9D2A-303A77338768}.Debug|x64.ActiveCfg = Debug|x64
		{24BB7DD1-90B8-4048-9D2A-303A77338768}.Debug|x64.Build.0 = Debug|x64
		{24BB7DD1-90B8-4048-9D2A-303A77338768}.Debug|x86.ActiveCfg = Debug|Any CPU
		{24BB7DD1-90B8-4048-9D2A-303A77338768}.Debug|x86.Build.0 = Debug|Any CPU
		{24BB7DD1-90B8-4048-9D2A-303A77338768}.Release|Any CPU.ActiveCfg = Release|Any CPU
		{24BB7DD1-90B8-4048-9D2A-303A77338768}.Release|Any CPU.Build.0 = Release|Any CPU
		{24BB7DD1-90B8-4048-9D2A-303A77338768}.Release|ARM64.ActiveCfg = Release|ARM64
		{24BB7DD1-90B8-4048-9D2A-303A77338768}.Release|ARM64.Build.0 = Release|ARM64
		{24BB7DD1-90B8-4048-9D2A-303A77338768}.Release|x64.ActiveCfg = Release|x64
		{24BB7DD1-90B8-4048-9D2A-303A77338768}.Release|x64.Build.0 = Release|x64
		{24BB7DD1-90B8-4048-9D2A-303A77338768}.Release|x86.ActiveCfg = Release|Any CPU
		{24BB7DD1-90B8-4048-9D2A-303A77338768}.Release|x86.Build.0 = Release|Any CPU
		{8C0A8B8C-F58A-4F08-88CA-47521AE6CA21}.Debug|Any CPU.ActiveCfg = Debug|Any CPU
		{8C0A8B8C-F58A-4F08-88CA-47521AE6CA21}.Debug|Any CPU.Build.0 = Debug|Any CPU
		{8C0A8B8C-F58A-4F08-88CA-47521AE6CA21}.Debug|ARM64.ActiveCfg = Debug|ARM64
		{8C0A8B8C-F58A-4F08-88CA-47521AE6CA21}.Debug|ARM64.Build.0 = Debug|ARM64
		{8C0A8B8C-F58A-4F08-88CA-47521AE6CA21}.Debug|x64.ActiveCfg = Debug|x64
		{8C0A8B8C-F58A-4F08-88CA-47521AE6CA21}.Debug|x64.Build.0 = Debug|x64
		{8C0A8B8C-F58A-4F08-88CA-47521AE6CA21}.Debug|x86.ActiveCfg = Debug|Any CPU
		{8C0A8B8C-F58A-4F08-88CA-47521AE6CA21}.Debug|x86.Build.0 = Debug|Any CPU
		{8C0A8B8C-F58A-4F08-88CA-47521AE6CA21}.Release|Any CPU.ActiveCfg = Release|Any CPU
		{8C0A8B8C-F58A-4F08-88CA-47521AE6CA21}.Release|Any CPU.Build.0 = Release|Any CPU
		{8C0A8B8C-F58A-4F08-88CA-47521AE6CA21}.Release|ARM64.ActiveCfg = Release|ARM64
		{8C0A8B8C-F58A-4F08-88CA-47521AE6CA21}.Release|ARM64.Build.0 = Release|ARM64
		{8C0A8B8C-F58A-4F08-88CA-47521AE6CA21}.Release|x64.ActiveCfg = Release|x64
		{8C0A8B8C-F58A-4F08-88CA-47521AE6CA21}.Release|x64.Build.0 = Release|x64
		{8C0A8B8C-F58A-4F08-88CA-47521AE6CA21}.Release|x86.ActiveCfg = Release|Any CPU
		{8C0A8B8C-F58A-4F08-88CA-47521AE6CA21}.Release|x86.Build.0 = Release|Any CPU
		{912207B0-FD2A-4ADB-9633-6AF13F48B70F}.Debug|Any CPU.ActiveCfg = Debug|Any CPU
		{912207B0-FD2A-4ADB-9633-6AF13F48B70F}.Debug|Any CPU.Build.0 = Debug|Any CPU
		{912207B0-FD2A-4ADB-9633-6AF13F48B70F}.Debug|ARM64.ActiveCfg = Debug|Any CPU
		{912207B0-FD2A-4ADB-9633-6AF13F48B70F}.Debug|ARM64.Build.0 = Debug|Any CPU
		{912207B0-FD2A-4ADB-9633-6AF13F48B70F}.Debug|x64.ActiveCfg = Debug|Any CPU
		{912207B0-FD2A-4ADB-9633-6AF13F48B70F}.Debug|x64.Build.0 = Debug|Any CPU
		{912207B0-FD2A-4ADB-9633-6AF13F48B70F}.Debug|x86.ActiveCfg = Debug|Any CPU
		{912207B0-FD2A-4ADB-9633-6AF13F48B70F}.Debug|x86.Build.0 = Debug|Any CPU
		{912207B0-FD2A-4ADB-9633-6AF13F48B70F}.Release|Any CPU.ActiveCfg = Release|Any CPU
		{912207B0-FD2A-4ADB-9633-6AF13F48B70F}.Release|Any CPU.Build.0 = Release|Any CPU
		{912207B0-FD2A-4ADB-9633-6AF13F48B70F}.Release|ARM64.ActiveCfg = Release|Any CPU
		{912207B0-FD2A-4ADB-9633-6AF13F48B70F}.Release|ARM64.Build.0 = Release|Any CPU
		{912207B0-FD2A-4ADB-9633-6AF13F48B70F}.Release|x64.ActiveCfg = Release|Any CPU
		{912207B0-FD2A-4ADB-9633-6AF13F48B70F}.Release|x64.Build.0 = Release|Any CPU
		{912207B0-FD2A-4ADB-9633-6AF13F48B70F}.Release|x86.ActiveCfg = Release|Any CPU
		{912207B0-FD2A-4ADB-9633-6AF13F48B70F}.Release|x86.Build.0 = Release|Any CPU
		{4EFCC0B9-9E93-4774-8C76-A3DEF5E6A3DD}.Debug|Any CPU.ActiveCfg = Debug|Any CPU
		{4EFCC0B9-9E93-4774-8C76-A3DEF5E6A3DD}.Debug|Any CPU.Build.0 = Debug|Any CPU
		{4EFCC0B9-9E93-4774-8C76-A3DEF5E6A3DD}.Debug|ARM64.ActiveCfg = Debug|Any CPU
		{4EFCC0B9-9E93-4774-8C76-A3DEF5E6A3DD}.Debug|ARM64.Build.0 = Debug|Any CPU
		{4EFCC0B9-9E93-4774-8C76-A3DEF5E6A3DD}.Debug|x64.ActiveCfg = Debug|Any CPU
		{4EFCC0B9-9E93-4774-8C76-A3DEF5E6A3DD}.Debug|x64.Build.0 = Debug|Any CPU
		{4EFCC0B9-9E93-4774-8C76-A3DEF5E6A3DD}.Debug|x86.ActiveCfg = Debug|Any CPU
		{4EFCC0B9-9E93-4774-8C76-A3DEF5E6A3DD}.Debug|x86.Build.0 = Debug|Any CPU
		{4EFCC0B9-9E93-4774-8C76-A3DEF5E6A3DD}.Release|Any CPU.ActiveCfg = Release|Any CPU
		{4EFCC0B9-9E93-4774-8C76-A3DEF5E6A3DD}.Release|Any CPU.Build.0 = Release|Any CPU
		{4EFCC0B9-9E93-4774-8C76-A3DEF5E6A3DD}.Release|ARM64.ActiveCfg = Release|Any CPU
		{4EFCC0B9-9E93-4774-8C76-A3DEF5E6A3DD}.Release|ARM64.Build.0 = Release|Any CPU
		{4EFCC0B9-9E93-4774-8C76-A3DEF5E6A3DD}.Release|x64.ActiveCfg = Release|Any CPU
		{4EFCC0B9-9E93-4774-8C76-A3DEF5E6A3DD}.Release|x64.Build.0 = Release|Any CPU
		{4EFCC0B9-9E93-4774-8C76-A3DEF5E6A3DD}.Release|x86.ActiveCfg = Release|Any CPU
		{4EFCC0B9-9E93-4774-8C76-A3DEF5E6A3DD}.Release|x86.Build.0 = Release|Any CPU
		{C080E837-DF6E-4770-9F90-26809919D8F2}.Debug|Any CPU.ActiveCfg = Debug|x64
		{C080E837-DF6E-4770-9F90-26809919D8F2}.Debug|Any CPU.Build.0 = Debug|x64
		{C080E837-DF6E-4770-9F90-26809919D8F2}.Debug|ARM64.ActiveCfg = Debug|ARM64
		{C080E837-DF6E-4770-9F90-26809919D8F2}.Debug|ARM64.Build.0 = Debug|ARM64
		{C080E837-DF6E-4770-9F90-26809919D8F2}.Debug|x64.ActiveCfg = Debug|x64
		{C080E837-DF6E-4770-9F90-26809919D8F2}.Debug|x64.Build.0 = Debug|x64
		{C080E837-DF6E-4770-9F90-26809919D8F2}.Debug|x86.ActiveCfg = Debug|x68
		{C080E837-DF6E-4770-9F90-26809919D8F2}.Debug|x86.Build.0 = Debug|x68
		{C080E837-DF6E-4770-9F90-26809919D8F2}.Release|Any CPU.ActiveCfg = Release|x64
		{C080E837-DF6E-4770-9F90-26809919D8F2}.Release|Any CPU.Build.0 = Release|x64
		{C080E837-DF6E-4770-9F90-26809919D8F2}.Release|ARM64.ActiveCfg = Release|ARM64
		{C080E837-DF6E-4770-9F90-26809919D8F2}.Release|ARM64.Build.0 = Release|ARM64
		{C080E837-DF6E-4770-9F90-26809919D8F2}.Release|x64.ActiveCfg = Release|x64
		{C080E837-DF6E-4770-9F90-26809919D8F2}.Release|x64.Build.0 = Release|x64
		{C080E837-DF6E-4770-9F90-26809919D8F2}.Release|x86.ActiveCfg = Release|x68
		{C080E837-DF6E-4770-9F90-26809919D8F2}.Release|x86.Build.0 = Release|x68
		{1EA0B0B9-42CC-4860-8DC9-5C50D971B838}.Debug|Any CPU.ActiveCfg = Debug|x64
		{1EA0B0B9-42CC-4860-8DC9-5C50D971B838}.Debug|Any CPU.Build.0 = Debug|x64
		{1EA0B0B9-42CC-4860-8DC9-5C50D971B838}.Debug|ARM64.ActiveCfg = Debug|x64
		{1EA0B0B9-42CC-4860-8DC9-5C50D971B838}.Debug|x64.ActiveCfg = Debug|x64
		{1EA0B0B9-42CC-4860-8DC9-5C50D971B838}.Debug|x64.Build.0 = Debug|x64
		{1EA0B0B9-42CC-4860-8DC9-5C50D971B838}.Debug|x86.ActiveCfg = Debug|x64
		{1EA0B0B9-42CC-4860-8DC9-5C50D971B838}.Release|Any CPU.ActiveCfg = Release|x64
		{1EA0B0B9-42CC-4860-8DC9-5C50D971B838}.Release|Any CPU.Build.0 = Release|x64
		{1EA0B0B9-42CC-4860-8DC9-5C50D971B838}.Release|ARM64.ActiveCfg = Release|x64
		{1EA0B0B9-42CC-4860-8DC9-5C50D971B838}.Release|x64.ActiveCfg = Release|x64
		{1EA0B0B9-42CC-4860-8DC9-5C50D971B838}.Release|x64.Build.0 = Release|x64
		{1EA0B0B9-42CC-4860-8DC9-5C50D971B838}.Release|x86.ActiveCfg = Release|x64
		{4B0C8574-9D79-436D-A491-B75C71FC9A76}.Debug|Any CPU.ActiveCfg = Debug|x64
		{4B0C8574-9D79-436D-A491-B75C71FC9A76}.Debug|Any CPU.Build.0 = Debug|x64
		{4B0C8574-9D79-436D-A491-B75C71FC9A76}.Debug|ARM64.ActiveCfg = Debug|ARM64
		{4B0C8574-9D79-436D-A491-B75C71FC9A76}.Debug|ARM64.Build.0 = Debug|ARM64
		{4B0C8574-9D79-436D-A491-B75C71FC9A76}.Debug|x64.ActiveCfg = Debug|x64
		{4B0C8574-9D79-436D-A491-B75C71FC9A76}.Debug|x64.Build.0 = Debug|x64
		{4B0C8574-9D79-436D-A491-B75C71FC9A76}.Debug|x86.ActiveCfg = Debug|x86
		{4B0C8574-9D79-436D-A491-B75C71FC9A76}.Debug|x86.Build.0 = Debug|x86
		{4B0C8574-9D79-436D-A491-B75C71FC9A76}.Release|Any CPU.ActiveCfg = Release|x64
		{4B0C8574-9D79-436D-A491-B75C71FC9A76}.Release|Any CPU.Build.0 = Release|x64
		{4B0C8574-9D79-436D-A491-B75C71FC9A76}.Release|ARM64.ActiveCfg = Release|ARM64
		{4B0C8574-9D79-436D-A491-B75C71FC9A76}.Release|ARM64.Build.0 = Release|ARM64
		{4B0C8574-9D79-436D-A491-B75C71FC9A76}.Release|x64.ActiveCfg = Release|x64
		{4B0C8574-9D79-436D-A491-B75C71FC9A76}.Release|x64.Build.0 = Release|x64
		{4B0C8574-9D79-436D-A491-B75C71FC9A76}.Release|x86.ActiveCfg = Release|x86
		{4B0C8574-9D79-436D-A491-B75C71FC9A76}.Release|x86.Build.0 = Release|x86
		{403AFD7E-3C31-460A-B02D-B480ACA11647}.Debug|Any CPU.ActiveCfg = Debug|x64
		{403AFD7E-3C31-460A-B02D-B480ACA11647}.Debug|Any CPU.Build.0 = Debug|x64
		{403AFD7E-3C31-460A-B02D-B480ACA11647}.Debug|ARM64.ActiveCfg = Debug|x64
		{403AFD7E-3C31-460A-B02D-B480ACA11647}.Debug|x64.ActiveCfg = Debug|x64
		{403AFD7E-3C31-460A-B02D-B480ACA11647}.Debug|x64.Build.0 = Debug|x64
		{403AFD7E-3C31-460A-B02D-B480ACA11647}.Debug|x86.ActiveCfg = Debug|x64
		{403AFD7E-3C31-460A-B02D-B480ACA11647}.Release|Any CPU.ActiveCfg = Release|x64
		{403AFD7E-3C31-460A-B02D-B480ACA11647}.Release|Any CPU.Build.0 = Release|x64
		{403AFD7E-3C31-460A-B02D-B480ACA11647}.Release|ARM64.ActiveCfg = Release|x64
		{403AFD7E-3C31-460A-B02D-B480ACA11647}.Release|x64.ActiveCfg = Release|x64
		{403AFD7E-3C31-460A-B02D-B480ACA11647}.Release|x64.Build.0 = Release|x64
		{403AFD7E-3C31-460A-B02D-B480ACA11647}.Release|x86.ActiveCfg = Release|x64
		{126E3280-2426-4851-BABF-52B2A54B350B}.Debug|Any CPU.ActiveCfg = Debug|x64
		{126E3280-2426-4851-BABF-52B2A54B350B}.Debug|Any CPU.Build.0 = Debug|x64
		{126E3280-2426-4851-BABF-52B2A54B350B}.Debug|ARM64.ActiveCfg = Debug|ARM64
		{126E3280-2426-4851-BABF-52B2A54B350B}.Debug|ARM64.Build.0 = Debug|ARM64
		{126E3280-2426-4851-BABF-52B2A54B350B}.Debug|x64.ActiveCfg = Debug|x64
		{126E3280-2426-4851-BABF-52B2A54B350B}.Debug|x64.Build.0 = Debug|x64
		{126E3280-2426-4851-BABF-52B2A54B350B}.Debug|x86.ActiveCfg = Debug|x86
		{126E3280-2426-4851-BABF-52B2A54B350B}.Debug|x86.Build.0 = Debug|x86
		{126E3280-2426-4851-BABF-52B2A54B350B}.Release|Any CPU.ActiveCfg = Release|x64
		{126E3280-2426-4851-BABF-52B2A54B350B}.Release|Any CPU.Build.0 = Release|x64
		{126E3280-2426-4851-BABF-52B2A54B350B}.Release|ARM64.ActiveCfg = Release|ARM64
		{126E3280-2426-4851-BABF-52B2A54B350B}.Release|ARM64.Build.0 = Release|ARM64
		{126E3280-2426-4851-BABF-52B2A54B350B}.Release|x64.ActiveCfg = Release|x64
		{126E3280-2426-4851-BABF-52B2A54B350B}.Release|x64.Build.0 = Release|x64
		{126E3280-2426-4851-BABF-52B2A54B350B}.Release|x86.ActiveCfg = Release|x86
		{126E3280-2426-4851-BABF-52B2A54B350B}.Release|x86.Build.0 = Release|x86
		{964F389E-1DCA-4634-9AE4-7A65526A7C0F}.Debug|Any CPU.ActiveCfg = Debug|x64
		{964F389E-1DCA-4634-9AE4-7A65526A7C0F}.Debug|Any CPU.Build.0 = Debug|x64
		{964F389E-1DCA-4634-9AE4-7A65526A7C0F}.Debug|ARM64.ActiveCfg = Debug|ARM64
		{964F389E-1DCA-4634-9AE4-7A65526A7C0F}.Debug|ARM64.Build.0 = Debug|ARM64
		{964F389E-1DCA-4634-9AE4-7A65526A7C0F}.Debug|x64.ActiveCfg = Debug|x64
		{964F389E-1DCA-4634-9AE4-7A65526A7C0F}.Debug|x64.Build.0 = Debug|x64
		{964F389E-1DCA-4634-9AE4-7A65526A7C0F}.Debug|x86.ActiveCfg = Debug|x86
		{964F389E-1DCA-4634-9AE4-7A65526A7C0F}.Debug|x86.Build.0 = Debug|x86
		{964F389E-1DCA-4634-9AE4-7A65526A7C0F}.Release|Any CPU.ActiveCfg = Release|x64
		{964F389E-1DCA-4634-9AE4-7A65526A7C0F}.Release|Any CPU.Build.0 = Release|x64
		{964F389E-1DCA-4634-9AE4-7A65526A7C0F}.Release|ARM64.ActiveCfg = Release|ARM64
		{964F389E-1DCA-4634-9AE4-7A65526A7C0F}.Release|ARM64.Build.0 = Release|ARM64
		{964F389E-1DCA-4634-9AE4-7A65526A7C0F}.Release|x64.ActiveCfg = Release|x64
		{964F389E-1DCA-4634-9AE4-7A65526A7C0F}.Release|x64.Build.0 = Release|x64
		{964F389E-1DCA-4634-9AE4-7A65526A7C0F}.Release|x86.ActiveCfg = Release|x86
		{964F389E-1DCA-4634-9AE4-7A65526A7C0F}.Release|x86.Build.0 = Release|x86
		{1B613066-C268-45E6-B7EA-5B95C8B90492}.Debug|Any CPU.ActiveCfg = Debug|x64
		{1B613066-C268-45E6-B7EA-5B95C8B90492}.Debug|Any CPU.Build.0 = Debug|x64
		{1B613066-C268-45E6-B7EA-5B95C8B90492}.Debug|ARM64.ActiveCfg = Debug|ARM64
		{1B613066-C268-45E6-B7EA-5B95C8B90492}.Debug|ARM64.Build.0 = Debug|ARM64
		{1B613066-C268-45E6-B7EA-5B95C8B90492}.Debug|x64.ActiveCfg = Debug|x64
		{1B613066-C268-45E6-B7EA-5B95C8B90492}.Debug|x64.Build.0 = Debug|x64
		{1B613066-C268-45E6-B7EA-5B95C8B90492}.Debug|x86.ActiveCfg = Debug|x86
		{1B613066-C268-45E6-B7EA-5B95C8B90492}.Debug|x86.Build.0 = Debug|x86
		{1B613066-C268-45E6-B7EA-5B95C8B90492}.Release|Any CPU.ActiveCfg = Release|x64
		{1B613066-C268-45E6-B7EA-5B95C8B90492}.Release|Any CPU.Build.0 = Release|x64
		{1B613066-C268-45E6-B7EA-5B95C8B90492}.Release|ARM64.ActiveCfg = Release|ARM64
		{1B613066-C268-45E6-B7EA-5B95C8B90492}.Release|ARM64.Build.0 = Release|ARM64
		{1B613066-C268-45E6-B7EA-5B95C8B90492}.Release|x64.ActiveCfg = Release|x64
		{1B613066-C268-45E6-B7EA-5B95C8B90492}.Release|x64.Build.0 = Release|x64
		{1B613066-C268-45E6-B7EA-5B95C8B90492}.Release|x86.ActiveCfg = Release|x86
		{1B613066-C268-45E6-B7EA-5B95C8B90492}.Release|x86.Build.0 = Release|x86
		{324BF59F-C8E1-4063-A7D2-034BD1B84BEB}.Debug|Any CPU.ActiveCfg = Debug|Any CPU
		{324BF59F-C8E1-4063-A7D2-034BD1B84BEB}.Debug|Any CPU.Build.0 = Debug|Any CPU
		{324BF59F-C8E1-4063-A7D2-034BD1B84BEB}.Debug|ARM64.ActiveCfg = Debug|Any CPU
		{324BF59F-C8E1-4063-A7D2-034BD1B84BEB}.Debug|ARM64.Build.0 = Debug|Any CPU
		{324BF59F-C8E1-4063-A7D2-034BD1B84BEB}.Debug|x64.ActiveCfg = Debug|Any CPU
		{324BF59F-C8E1-4063-A7D2-034BD1B84BEB}.Debug|x64.Build.0 = Debug|Any CPU
		{324BF59F-C8E1-4063-A7D2-034BD1B84BEB}.Debug|x86.ActiveCfg = Debug|Any CPU
		{324BF59F-C8E1-4063-A7D2-034BD1B84BEB}.Debug|x86.Build.0 = Debug|Any CPU
		{324BF59F-C8E1-4063-A7D2-034BD1B84BEB}.Release|Any CPU.ActiveCfg = Release|Any CPU
		{324BF59F-C8E1-4063-A7D2-034BD1B84BEB}.Release|Any CPU.Build.0 = Release|Any CPU
		{324BF59F-C8E1-4063-A7D2-034BD1B84BEB}.Release|ARM64.ActiveCfg = Release|Any CPU
		{324BF59F-C8E1-4063-A7D2-034BD1B84BEB}.Release|ARM64.Build.0 = Release|Any CPU
		{324BF59F-C8E1-4063-A7D2-034BD1B84BEB}.Release|x64.ActiveCfg = Release|Any CPU
		{324BF59F-C8E1-4063-A7D2-034BD1B84BEB}.Release|x64.Build.0 = Release|Any CPU
		{324BF59F-C8E1-4063-A7D2-034BD1B84BEB}.Release|x86.ActiveCfg = Release|Any CPU
		{324BF59F-C8E1-4063-A7D2-034BD1B84BEB}.Release|x86.Build.0 = Release|Any CPU
	EndGlobalSection
	GlobalSection(SolutionProperties) = preSolution
		HideSolutionNode = FALSE
	EndGlobalSection
	GlobalSection(NestedProjects) = preSolution
		{912207B0-FD2A-4ADB-9633-6AF13F48B70F} = {79E4A3B7-A504-488B-B5C7-8FDC8DA8816C}
		{4EFCC0B9-9E93-4774-8C76-A3DEF5E6A3DD} = {79E4A3B7-A504-488B-B5C7-8FDC8DA8816C}
		{C080E837-DF6E-4770-9F90-26809919D8F2} = {79E4A3B7-A504-488B-B5C7-8FDC8DA8816C}
		{1EA0B0B9-42CC-4860-8DC9-5C50D971B838} = {79E4A3B7-A504-488B-B5C7-8FDC8DA8816C}
		{4B0C8574-9D79-436D-A491-B75C71FC9A76} = {79E4A3B7-A504-488B-B5C7-8FDC8DA8816C}
		{1B613066-C268-45E6-B7EA-5B95C8B90492} = {79E4A3B7-A504-488B-B5C7-8FDC8DA8816C}
	EndGlobalSection
	GlobalSection(ExtensibilityGlobals) = postSolution
		SolutionGuid = {0645CA94-4715-4CE3-AB18-258CED23724F}
	EndGlobalSection
EndGlobal
