
Microsoft Visual Studio Solution File, Format Version 12.00
# Visual Studio Version 17
VisualStudioVersion = 17.6.33626.354
MinimumVisualStudioVersion = 10.0.40219.1
Project("{9A19103F-16F7-4668-BE54-9A1E7A4F7556}") = "ToCBS", "ToCBS\ToCBS.csproj", "{0195DB5E-E67B-4FEE-8C8F-1C78B5DAD3CF}"
EndProject
Project("{9A19103F-16F7-4668-BE54-9A1E7A4F7556}") = "Microsoft.Deployment.Compression", "Microsoft.Deployment.Compression\Microsoft.Deployment.Compression.csproj", "{912207B0-FD2A-4ADB-9633-6AF13F48B70F}"
EndProject
Project("{9A19103F-16F7-4668-BE54-9A1E7A4F7556}") = "Microsoft.Deployment.Compression.Cab", "Microsoft.Deployment.Compression.Cab\Microsoft.Deployment.Compression.Cab.csproj", "{4EFCC0B9-9E93-4774-8C76-A3DEF5E6A3DD}"
EndProject
Project("{9A19103F-16F7-4668-BE54-9A1E7A4F7556}") = "Archives.DiscUtils", "Archives.DiscUtils\Archives.DiscUtils.csproj", "{C080E837-DF6E-4770-9F90-26809919D8F2}"
EndProject
Project("{9A19103F-16F7-4668-BE54-9A1E7A4F7556}") = "Diskstream", "Diskstream\Diskstream.csproj", "{1EA0B0B9-42CC-4860-8DC9-5C50D971B838}"
EndProject
Project("{9A19103F-16F7-4668-BE54-9A1E7A4F7556}") = "ImageCommon", "ImageCommon\ImageCommon.csproj", "{5F426CCB-1D7A-4DDF-AB96-9D930F9FA3A0}"
EndProject
Project("{9A19103F-16F7-4668-BE54-9A1E7A4F7556}") = "ImageStorageServiceManaged", "ImageStorageServiceManaged\ImageStorageServiceManaged.csproj", "{84ED6AAF-FFA2-4B08-A18E-D87C25F03C44}"
EndProject
Project("{9A19103F-16F7-4668-BE54-9A1E7A4F7556}") = "WofStream", "WofStream\WofStream.csproj", "{A7AEA4AD-8BE2-4112-9CE7-36066FEE7A55}"
EndProject
Project("{9A19103F-16F7-4668-BE54-9A1E7A4F7556}") = "ToCBSVhdx", "ToCBSVhdx\ToCBSVhdx.csproj", "{D622B47A-A104-4A93-B5A1-42DAF036C65F}"
EndProject
Project("{9A19103F-16F7-4668-BE54-9A1E7A4F7556}") = "ToCBSVhdxNoPool", "ToCBSVhdxNoPool\ToCBSVhdxNoPool.csproj", "{28A3F055-744E-424C-8511-676A7F04C9A8}"
EndProject
Project("{2150E333-8FDC-42A3-9474-1A3956D46DE8}") = "Libraries", "Libraries", "{79E4A3B7-A504-488B-B5C7-8FDC8DA8816C}"
EndProject
Project("{9A19103F-16F7-4668-BE54-9A1E7A4F7556}") = "FfuStream", "FfuStream\FfuStream.csproj", "{13FE6F69-5CBF-46C7-98C4-771C7F07ABBC}"
EndProject
Project("{9A19103F-16F7-4668-BE54-9A1E7A4F7556}") = "ToCBSFfuNoPool", "ToCBSFfuNoPool\ToCBSFfuNoPool.csproj", "{24BB7DD1-90B8-4048-9D2A-303A77338768}"
EndProject
Project("{FAE04EC0-301F-11D3-BF4B-00C04F79EFBC}") = "CbsToReg", "CbsToReg\CbsToReg.csproj", "{8C0A8B8C-F58A-4F08-88CA-47521AE6CA21}"
EndProject
Global
	GlobalSection(SolutionConfigurationPlatforms) = preSolution
		Debug|Any CPU = Debug|Any CPU
		Debug|ARM64 = Debug|ARM64
		Debug|x64 = Debug|x64
		Release|Any CPU = Release|Any CPU
		Release|ARM64 = Release|ARM64
		Release|x64 = Release|x64
	EndGlobalSection
	GlobalSection(ProjectConfigurationPlatforms) = postSolution
		{0195DB5E-E67B-4FEE-8C8F-1C78B5DAD3CF}.Debug|Any CPU.ActiveCfg = Debug|Any CPU
		{0195DB5E-E67B-4FEE-8C8F-1C78B5DAD3CF}.Debug|Any CPU.Build.0 = Debug|Any CPU
		{0195DB5E-E67B-4FEE-8C8F-1C78B5DAD3CF}.Debug|ARM64.ActiveCfg = Debug|Any CPU
		{0195DB5E-E67B-4FEE-8C8F-1C78B5DAD3CF}.Debug|ARM64.Build.0 = Debug|Any CPU
		{0195DB5E-E67B-4FEE-8C8F-1C78B5DAD3CF}.Debug|x64.ActiveCfg = Debug|Any CPU
		{0195DB5E-E67B-4FEE-8C8F-1C78B5DAD3CF}.Debug|x64.Build.0 = Debug|Any CPU
		{0195DB5E-E67B-4FEE-8C8F-1C78B5DAD3CF}.Release|Any CPU.ActiveCfg = Release|Any CPU
		{0195DB5E-E67B-4FEE-8C8F-1C78B5DAD3CF}.Release|Any CPU.Build.0 = Release|Any CPU
		{0195DB5E-E67B-4FEE-8C8F-1C78B5DAD3CF}.Release|ARM64.ActiveCfg = Release|Any CPU
		{0195DB5E-E67B-4FEE-8C8F-1C78B5DAD3CF}.Release|ARM64.Build.0 = Release|Any CPU
		{0195DB5E-E67B-4FEE-8C8F-1C78B5DAD3CF}.Release|x64.ActiveCfg = Release|Any CPU
		{0195DB5E-E67B-4FEE-8C8F-1C78B5DAD3CF}.Release|x64.Build.0 = Release|Any CPU
		{912207B0-FD2A-4ADB-9633-6AF13F48B70F}.Debug|Any CPU.ActiveCfg = Debug|Any CPU
		{912207B0-FD2A-4ADB-9633-6AF13F48B70F}.Debug|Any CPU.Build.0 = Debug|Any CPU
		{912207B0-FD2A-4ADB-9633-6AF13F48B70F}.Debug|ARM64.ActiveCfg = Debug|Any CPU
		{912207B0-FD2A-4ADB-9633-6AF13F48B70F}.Debug|ARM64.Build.0 = Debug|Any CPU
		{912207B0-FD2A-4ADB-9633-6AF13F48B70F}.Debug|x64.ActiveCfg = Debug|Any CPU
		{912207B0-FD2A-4ADB-9633-6AF13F48B70F}.Debug|x64.Build.0 = Debug|Any CPU
		{912207B0-FD2A-4ADB-9633-6AF13F48B70F}.Release|Any CPU.ActiveCfg = Release|Any CPU
		{912207B0-FD2A-4ADB-9633-6AF13F48B70F}.Release|Any CPU.Build.0 = Release|Any CPU
		{912207B0-FD2A-4ADB-9633-6AF13F48B70F}.Release|ARM64.ActiveCfg = Release|Any CPU
		{912207B0-FD2A-4ADB-9633-6AF13F48B70F}.Release|ARM64.Build.0 = Release|Any CPU
		{912207B0-FD2A-4ADB-9633-6AF13F48B70F}.Release|x64.ActiveCfg = Release|Any CPU
		{912207B0-FD2A-4ADB-9633-6AF13F48B70F}.Release|x64.Build.0 = Release|Any CPU
		{4EFCC0B9-9E93-4774-8C76-A3DEF5E6A3DD}.Debug|Any CPU.ActiveCfg = Debug|Any CPU
		{4EFCC0B9-9E93-4774-8C76-A3DEF5E6A3DD}.Debug|Any CPU.Build.0 = Debug|Any CPU
		{4EFCC0B9-9E93-4774-8C76-A3DEF5E6A3DD}.Debug|ARM64.ActiveCfg = Debug|Any CPU
		{4EFCC0B9-9E93-4774-8C76-A3DEF5E6A3DD}.Debug|ARM64.Build.0 = Debug|Any CPU
		{4EFCC0B9-9E93-4774-8C76-A3DEF5E6A3DD}.Debug|x64.ActiveCfg = Debug|Any CPU
		{4EFCC0B9-9E93-4774-8C76-A3DEF5E6A3DD}.Debug|x64.Build.0 = Debug|Any CPU
		{4EFCC0B9-9E93-4774-8C76-A3DEF5E6A3DD}.Release|Any CPU.ActiveCfg = Release|Any CPU
		{4EFCC0B9-9E93-4774-8C76-A3DEF5E6A3DD}.Release|Any CPU.Build.0 = Release|Any CPU
		{4EFCC0B9-9E93-4774-8C76-A3DEF5E6A3DD}.Release|ARM64.ActiveCfg = Release|Any CPU
		{4EFCC0B9-9E93-4774-8C76-A3DEF5E6A3DD}.Release|ARM64.Build.0 = Release|Any CPU
		{4EFCC0B9-9E93-4774-8C76-A3DEF5E6A3DD}.Release|x64.ActiveCfg = Release|Any CPU
		{4EFCC0B9-9E93-4774-8C76-A3DEF5E6A3DD}.Release|x64.Build.0 = Release|Any CPU
		{C080E837-DF6E-4770-9F90-26809919D8F2}.Debug|Any CPU.ActiveCfg = Debug|x64
		{C080E837-DF6E-4770-9F90-26809919D8F2}.Debug|ARM64.ActiveCfg = Debug|ARM64
		{C080E837-DF6E-4770-9F90-26809919D8F2}.Debug|ARM64.Build.0 = Debug|ARM64
		{C080E837-DF6E-4770-9F90-26809919D8F2}.Debug|x64.ActiveCfg = Debug|x64
		{C080E837-DF6E-4770-9F90-26809919D8F2}.Debug|x64.Build.0 = Debug|x64
		{C080E837-DF6E-4770-9F90-26809919D8F2}.Release|Any CPU.ActiveCfg = Release|x64
		{C080E837-DF6E-4770-9F90-26809919D8F2}.Release|ARM64.ActiveCfg = Release|ARM64
		{C080E837-DF6E-4770-9F90-26809919D8F2}.Release|ARM64.Build.0 = Release|ARM64
		{C080E837-DF6E-4770-9F90-26809919D8F2}.Release|x64.ActiveCfg = Release|x64
		{C080E837-DF6E-4770-9F90-26809919D8F2}.Release|x64.Build.0 = Release|x64
		{1EA0B0B9-42CC-4860-8DC9-5C50D971B838}.Debug|Any CPU.ActiveCfg = Debug|x64
		{1EA0B0B9-42CC-4860-8DC9-5C50D971B838}.Debug|ARM64.ActiveCfg = Debug|x64
		{1EA0B0B9-42CC-4860-8DC9-5C50D971B838}.Debug|x64.ActiveCfg = Debug|x64
		{1EA0B0B9-42CC-4860-8DC9-5C50D971B838}.Debug|x64.Build.0 = Debug|x64
		{1EA0B0B9-42CC-4860-8DC9-5C50D971B838}.Release|Any CPU.ActiveCfg = Release|x64
		{1EA0B0B9-42CC-4860-8DC9-5C50D971B838}.Release|ARM64.ActiveCfg = Release|x64
		{1EA0B0B9-42CC-4860-8DC9-5C50D971B838}.Release|x64.ActiveCfg = Release|x64
		{1EA0B0B9-42CC-4860-8DC9-5C50D971B838}.Release|x64.Build.0 = Release|x64
		{5F426CCB-1D7A-4DDF-AB96-9D930F9FA3A0}.Debug|Any CPU.ActiveCfg = Debug|Any CPU
		{5F426CCB-1D7A-4DDF-AB96-9D930F9FA3A0}.Debug|Any CPU.Build.0 = Debug|Any CPU
		{5F426CCB-1D7A-4DDF-AB96-9D930F9FA3A0}.Debug|ARM64.ActiveCfg = Debug|Any CPU
		{5F426CCB-1D7A-4DDF-AB96-9D930F9FA3A0}.Debug|ARM64.Build.0 = Debug|Any CPU
		{5F426CCB-1D7A-4DDF-AB96-9D930F9FA3A0}.Debug|x64.ActiveCfg = Debug|Any CPU
		{5F426CCB-1D7A-4DDF-AB96-9D930F9FA3A0}.Debug|x64.Build.0 = Debug|Any CPU
		{5F426CCB-1D7A-4DDF-AB96-9D930F9FA3A0}.Release|Any CPU.ActiveCfg = Release|Any CPU
		{5F426CCB-1D7A-4DDF-AB96-9D930F9FA3A0}.Release|Any CPU.Build.0 = Release|Any CPU
		{5F426CCB-1D7A-4DDF-AB96-9D930F9FA3A0}.Release|ARM64.ActiveCfg = Release|Any CPU
		{5F426CCB-1D7A-4DDF-AB96-9D930F9FA3A0}.Release|ARM64.Build.0 = Release|Any CPU
		{5F426CCB-1D7A-4DDF-AB96-9D930F9FA3A0}.Release|x64.ActiveCfg = Release|Any CPU
		{5F426CCB-1D7A-4DDF-AB96-9D930F9FA3A0}.Release|x64.Build.0 = Release|Any CPU
		{84ED6AAF-FFA2-4B08-A18E-D87C25F03C44}.Debug|Any CPU.ActiveCfg = Debug|Any CPU
		{84ED6AAF-FFA2-4B08-A18E-D87C25F03C44}.Debug|Any CPU.Build.0 = Debug|Any CPU
		{84ED6AAF-FFA2-4B08-A18E-D87C25F03C44}.Debug|ARM64.ActiveCfg = Debug|Any CPU
		{84ED6AAF-FFA2-4B08-A18E-D87C25F03C44}.Debug|ARM64.Build.0 = Debug|Any CPU
		{84ED6AAF-FFA2-4B08-A18E-D87C25F03C44}.Debug|x64.ActiveCfg = Debug|Any CPU
		{84ED6AAF-FFA2-4B08-A18E-D87C25F03C44}.Debug|x64.Build.0 = Debug|Any CPU
		{84ED6AAF-FFA2-4B08-A18E-D87C25F03C44}.Release|Any CPU.ActiveCfg = Release|Any CPU
		{84ED6AAF-FFA2-4B08-A18E-D87C25F03C44}.Release|Any CPU.Build.0 = Release|Any CPU
		{84ED6AAF-FFA2-4B08-A18E-D87C25F03C44}.Release|ARM64.ActiveCfg = Release|Any CPU
		{84ED6AAF-FFA2-4B08-A18E-D87C25F03C44}.Release|ARM64.Build.0 = Release|Any CPU
		{84ED6AAF-FFA2-4B08-A18E-D87C25F03C44}.Release|x64.ActiveCfg = Release|Any CPU
		{84ED6AAF-FFA2-4B08-A18E-D87C25F03C44}.Release|x64.Build.0 = Release|Any CPU
		{A7AEA4AD-8BE2-4112-9CE7-36066FEE7A55}.Debug|Any CPU.ActiveCfg = Debug|Any CPU
		{A7AEA4AD-8BE2-4112-9CE7-36066FEE7A55}.Debug|Any CPU.Build.0 = Debug|Any CPU
		{A7AEA4AD-8BE2-4112-9CE7-36066FEE7A55}.Debug|ARM64.ActiveCfg = Debug|Any CPU
		{A7AEA4AD-8BE2-4112-9CE7-36066FEE7A55}.Debug|ARM64.Build.0 = Debug|Any CPU
		{A7AEA4AD-8BE2-4112-9CE7-36066FEE7A55}.Debug|x64.ActiveCfg = Debug|Any CPU
		{A7AEA4AD-8BE2-4112-9CE7-36066FEE7A55}.Debug|x64.Build.0 = Debug|Any CPU
		{A7AEA4AD-8BE2-4112-9CE7-36066FEE7A55}.Release|Any CPU.ActiveCfg = Release|Any CPU
		{A7AEA4AD-8BE2-4112-9CE7-36066FEE7A55}.Release|Any CPU.Build.0 = Release|Any CPU
		{A7AEA4AD-8BE2-4112-9CE7-36066FEE7A55}.Release|ARM64.ActiveCfg = Release|Any CPU
		{A7AEA4AD-8BE2-4112-9CE7-36066FEE7A55}.Release|ARM64.Build.0 = Release|Any CPU
		{A7AEA4AD-8BE2-4112-9CE7-36066FEE7A55}.Release|x64.ActiveCfg = Release|Any CPU
		{A7AEA4AD-8BE2-4112-9CE7-36066FEE7A55}.Release|x64.Build.0 = Release|Any CPU
		{D622B47A-A104-4A93-B5A1-42DAF036C65F}.Debug|Any CPU.ActiveCfg = Debug|Any CPU
		{D622B47A-A104-4A93-B5A1-42DAF036C65F}.Debug|Any CPU.Build.0 = Debug|Any CPU
		{D622B47A-A104-4A93-B5A1-42DAF036C65F}.Debug|ARM64.ActiveCfg = Debug|Any CPU
		{D622B47A-A104-4A93-B5A1-42DAF036C65F}.Debug|ARM64.Build.0 = Debug|Any CPU
		{D622B47A-A104-4A93-B5A1-42DAF036C65F}.Debug|x64.ActiveCfg = Debug|Any CPU
		{D622B47A-A104-4A93-B5A1-42DAF036C65F}.Debug|x64.Build.0 = Debug|Any CPU
		{D622B47A-A104-4A93-B5A1-42DAF036C65F}.Release|Any CPU.ActiveCfg = Release|Any CPU
		{D622B47A-A104-4A93-B5A1-42DAF036C65F}.Release|Any CPU.Build.0 = Release|Any CPU
		{D622B47A-A104-4A93-B5A1-42DAF036C65F}.Release|ARM64.ActiveCfg = Release|Any CPU
		{D622B47A-A104-4A93-B5A1-42DAF036C65F}.Release|ARM64.Build.0 = Release|Any CPU
		{D622B47A-A104-4A93-B5A1-42DAF036C65F}.Release|x64.ActiveCfg = Release|Any CPU
		{D622B47A-A104-4A93-B5A1-42DAF036C65F}.Release|x64.Build.0 = Release|Any CPU
		{28A3F055-744E-424C-8511-676A7F04C9A8}.Debug|Any CPU.ActiveCfg = Debug|Any CPU
		{28A3F055-744E-424C-8511-676A7F04C9A8}.Debug|Any CPU.Build.0 = Debug|Any CPU
		{28A3F055-744E-424C-8511-676A7F04C9A8}.Debug|ARM64.ActiveCfg = Debug|Any CPU
		{28A3F055-744E-424C-8511-676A7F04C9A8}.Debug|ARM64.Build.0 = Debug|Any CPU
		{28A3F055-744E-424C-8511-676A7F04C9A8}.Debug|x64.ActiveCfg = Debug|Any CPU
		{28A3F055-744E-424C-8511-676A7F04C9A8}.Debug|x64.Build.0 = Debug|Any CPU
		{28A3F055-744E-424C-8511-676A7F04C9A8}.Release|Any CPU.ActiveCfg = Release|Any CPU
		{28A3F055-744E-424C-8511-676A7F04C9A8}.Release|Any CPU.Build.0 = Release|Any CPU
		{28A3F055-744E-424C-8511-676A7F04C9A8}.Release|ARM64.ActiveCfg = Release|Any CPU
		{28A3F055-744E-424C-8511-676A7F04C9A8}.Release|ARM64.Build.0 = Release|Any CPU
		{28A3F055-744E-424C-8511-676A7F04C9A8}.Release|x64.ActiveCfg = Release|Any CPU
		{28A3F055-744E-424C-8511-676A7F04C9A8}.Release|x64.Build.0 = Release|Any CPU
		{13FE6F69-5CBF-46C7-98C4-771C7F07ABBC}.Debug|Any CPU.ActiveCfg = Debug|Any CPU
		{13FE6F69-5CBF-46C7-98C4-771C7F07ABBC}.Debug|Any CPU.Build.0 = Debug|Any CPU
		{13FE6F69-5CBF-46C7-98C4-771C7F07ABBC}.Debug|ARM64.ActiveCfg = Debug|Any CPU
		{13FE6F69-5CBF-46C7-98C4-771C7F07ABBC}.Debug|ARM64.Build.0 = Debug|Any CPU
		{13FE6F69-5CBF-46C7-98C4-771C7F07ABBC}.Debug|x64.ActiveCfg = Debug|Any CPU
		{13FE6F69-5CBF-46C7-98C4-771C7F07ABBC}.Debug|x64.Build.0 = Debug|Any CPU
		{13FE6F69-5CBF-46C7-98C4-771C7F07ABBC}.Release|Any CPU.ActiveCfg = Release|Any CPU
		{13FE6F69-5CBF-46C7-98C4-771C7F07ABBC}.Release|Any CPU.Build.0 = Release|Any CPU
		{13FE6F69-5CBF-46C7-98C4-771C7F07ABBC}.Release|ARM64.ActiveCfg = Release|Any CPU
		{13FE6F69-5CBF-46C7-98C4-771C7F07ABBC}.Release|ARM64.Build.0 = Release|Any CPU
		{13FE6F69-5CBF-46C7-98C4-771C7F07ABBC}.Release|x64.ActiveCfg = Release|Any CPU
		{13FE6F69-5CBF-46C7-98C4-771C7F07ABBC}.Release|x64.Build.0 = Release|Any CPU
		{24BB7DD1-90B8-4048-9D2A-303A77338768}.Debug|Any CPU.ActiveCfg = Debug|Any CPU
		{24BB7DD1-90B8-4048-9D2A-303A77338768}.Debug|Any CPU.Build.0 = Debug|Any CPU
		{24BB7DD1-90B8-4048-9D2A-303A77338768}.Debug|ARM64.ActiveCfg = Debug|Any CPU
		{24BB7DD1-90B8-4048-9D2A-303A77338768}.Debug|ARM64.Build.0 = Debug|Any CPU
		{24BB7DD1-90B8-4048-9D2A-303A77338768}.Debug|x64.ActiveCfg = Debug|Any CPU
		{24BB7DD1-90B8-4048-9D2A-303A77338768}.Debug|x64.Build.0 = Debug|Any CPU
		{24BB7DD1-90B8-4048-9D2A-303A77338768}.Release|Any CPU.ActiveCfg = Release|Any CPU
		{24BB7DD1-90B8-4048-9D2A-303A77338768}.Release|Any CPU.Build.0 = Release|Any CPU
		{24BB7DD1-90B8-4048-9D2A-303A77338768}.Release|ARM64.ActiveCfg = Release|Any CPU
		{24BB7DD1-90B8-4048-9D2A-303A77338768}.Release|ARM64.Build.0 = Release|Any CPU
		{24BB7DD1-90B8-4048-9D2A-303A77338768}.Release|x64.ActiveCfg = Release|Any CPU
		{24BB7DD1-90B8-4048-9D2A-303A77338768}.Release|x64.Build.0 = Release|Any CPU
		{8C0A8B8C-F58A-4F08-88CA-47521AE6CA21}.Debug|Any CPU.ActiveCfg = Debug|Any CPU
		{8C0A8B8C-F58A-4F08-88CA-47521AE6CA21}.Debug|Any CPU.Build.0 = Debug|Any CPU
		{8C0A8B8C-F58A-4F08-88CA-47521AE6CA21}.Debug|ARM64.ActiveCfg = Debug|Any CPU
		{8C0A8B8C-F58A-4F08-88CA-47521AE6CA21}.Debug|ARM64.Build.0 = Debug|Any CPU
		{8C0A8B8C-F58A-4F08-88CA-47521AE6CA21}.Debug|x64.ActiveCfg = Debug|Any CPU
		{8C0A8B8C-F58A-4F08-88CA-47521AE6CA21}.Debug|x64.Build.0 = Debug|Any CPU
		{8C0A8B8C-F58A-4F08-88CA-47521AE6CA21}.Release|Any CPU.ActiveCfg = Release|Any CPU
		{8C0A8B8C-F58A-4F08-88CA-47521AE6CA21}.Release|Any CPU.Build.0 = Release|Any CPU
		{8C0A8B8C-F58A-4F08-88CA-47521AE6CA21}.Release|ARM64.ActiveCfg = Release|Any CPU
		{8C0A8B8C-F58A-4F08-88CA-47521AE6CA21}.Release|ARM64.Build.0 = Release|Any CPU
		{8C0A8B8C-F58A-4F08-88CA-47521AE6CA21}.Release|x64.ActiveCfg = Release|Any CPU
		{8C0A8B8C-F58A-4F08-88CA-47521AE6CA21}.Release|x64.Build.0 = Release|Any CPU
	EndGlobalSection
	GlobalSection(SolutionProperties) = preSolution
		HideSolutionNode = FALSE
	EndGlobalSection
	GlobalSection(NestedProjects) = preSolution
		{912207B0-FD2A-4ADB-9633-6AF13F48B70F} = {79E4A3B7-A504-488B-B5C7-8FDC8DA8816C}
		{4EFCC0B9-9E93-4774-8C76-A3DEF5E6A3DD} = {79E4A3B7-A504-488B-B5C7-8FDC8DA8816C}
		{C080E837-DF6E-4770-9F90-26809919D8F2} = {79E4A3B7-A504-488B-B5C7-8FDC8DA8816C}
		{1EA0B0B9-42CC-4860-8DC9-5C50D971B838} = {79E4A3B7-A504-488B-B5C7-8FDC8DA8816C}
		{5F426CCB-1D7A-4DDF-AB96-9D930F9FA3A0} = {79E4A3B7-A504-488B-B5C7-8FDC8DA8816C}
		{84ED6AAF-FFA2-4B08-A18E-D87C25F03C44} = {79E4A3B7-A504-488B-B5C7-8FDC8DA8816C}
		{A7AEA4AD-8BE2-4112-9CE7-36066FEE7A55} = {79E4A3B7-A504-488B-B5C7-8FDC8DA8816C}
		{13FE6F69-5CBF-46C7-98C4-771C7F07ABBC} = {79E4A3B7-A504-488B-B5C7-8FDC8DA8816C}
	EndGlobalSection
	GlobalSection(ExtensibilityGlobals) = postSolution
		SolutionGuid = {0645CA94-4715-4CE3-AB18-258CED23724F}
	EndGlobalSection
EndGlobal
